PODS:
  - Cartography (4.0.0)
  - Kingfisher (5.13.2):
    - Kingfisher/Core (= 5.13.2)
  - Kingfisher/Core (5.13.2)
  - Reusable (4.1.1):
    - Reusable/Storyboard (= 4.1.1)
    - Reusable/View (= 4.1.1)
  - Reusable/Storyboard (4.1.1)
  - Reusable/View (4.1.1)
  - SwiftFormat/CLI (0.44.6)
  - SwiftKeychainWrapper (3.4.0)
  - SwiftLint (0.39.1)
  - TPKeyboardAvoiding (1.3.3)

DEPENDENCIES:
  - Cartography
  - Kingfisher
  - Reusable
  - SwiftFormat/CLI (~> 0.43)
  - SwiftKeychainWrapper
  - SwiftLint (~> 0.38)
  - TPKeyboardAvoiding

SPEC REPOS:
  trunk:
    - Cartography
    - Kingfisher
    - Reusable
    - SwiftFormat
    - SwiftKeychainWrapper
    - SwiftLint
    - TPKeyboardAvoiding

SPEC CHECKSUMS:
  Cartography: c5626d29056b20f1e95c017326ee4df57cc39ad8
  Kingfisher: d342c8354c10c3d85a27d6d4c42c41285924b898
  Reusable: 53a9acf5c536f229b31b5865782414b508252ddb
  SwiftFormat: 226f259067268a452772fc2bd635bbcecb5ecb09
  SwiftKeychainWrapper: 6fc49fbf7d4a6b0772917acb0e53a1639f6078d6
  SwiftLint: 55e96a4a4d537d4a3156859fc1c54bd24851a046
  TPKeyboardAvoiding: 6dd3fe3268b8f2627beb7ff3d82a3cacbdf66a36

PODFILE CHECKSUM: 48c9accbfd8e52a76d3aa8ce04fa27cfdd9c7566

COCOAPODS: 1.8.4
