// !$*UTF8*$!
{
	archiveVersion = 1;
	classes = {
	};
	objectVersion = 51;
	objects = {

/* Begin PBXBuildFile section */
		8438A4AD247FD00E00EAAAFB /* R.generated.swift in Sources */ = {isa = PBXBuildFile; fileRef = 8438A4AC247FD00E00EAAAFB /* R.generated.swift */; };
		8438A4AF247FD22600EAAAFB /* PrimaryTextField.swift in Sources */ = {isa = PBXBuildFile; fileRef = 8438A4AE247FD22600EAAAFB /* PrimaryTextField.swift */; };
		8438A4B8247FD6E500EAAAFB /* Baloo2-Medium.ttf in Resources */ = {isa = PBXBuildFile; fileRef = 8438A4B3247FD6E500EAAAFB /* Baloo2-Medium.ttf */; };
		8438A4B9247FD6E500EAAAFB /* Baloo2-ExtraBold.ttf in Resources */ = {isa = PBXBuildFile; fileRef = 8438A4B4247FD6E500EAAAFB /* Baloo2-ExtraBold.ttf */; };
		8438A4BA247FD6E500EAAAFB /* Baloo2-SemiBold.ttf in Resources */ = {isa = PBXBuildFile; fileRef = 8438A4B5247FD6E500EAAAFB /* Baloo2-SemiBold.ttf */; };
		8438A4BB247FD6E500EAAAFB /* Baloo2-Regular.ttf in Resources */ = {isa = PBXBuildFile; fileRef = 8438A4B6247FD6E500EAAAFB /* Baloo2-Regular.ttf */; };
		8438A4BC247FD6E500EAAAFB /* Baloo2-Bold.ttf in Resources */ = {isa = PBXBuildFile; fileRef = 8438A4B7247FD6E500EAAAFB /* Baloo2-Bold.ttf */; };
		844F96F3247B9439008E0BC6 /* AppDelegate.swift in Sources */ = {isa = PBXBuildFile; fileRef = 844F96F2247B9439008E0BC6 /* AppDelegate.swift */; };
		844F96F7247B9439008E0BC6 /* MainViewController.swift in Sources */ = {isa = PBXBuildFile; fileRef = 844F96F6247B9439008E0BC6 /* MainViewController.swift */; };
		844F96FA247B9439008E0BC6 /* MainViewController.storyboard in Resources */ = {isa = PBXBuildFile; fileRef = 844F96F8247B9439008E0BC6 /* MainViewController.storyboard */; };
		844F96FC247B943D008E0BC6 /* Assets.xcassets in Resources */ = {isa = PBXBuildFile; fileRef = 844F96FB247B943D008E0BC6 /* Assets.xcassets */; };
		844F96FF247B943D008E0BC6 /* LaunchScreen.storyboard in Resources */ = {isa = PBXBuildFile; fileRef = 844F96FD247B943D008E0BC6 /* LaunchScreen.storyboard */; };
		844F970A247B943D008E0BC6 /* FireNoteTests.swift in Sources */ = {isa = PBXBuildFile; fileRef = 844F9709247B943D008E0BC6 /* FireNoteTests.swift */; };
		844F9721247B99CB008E0BC6 /* LoginViewController.storyboard in Resources */ = {isa = PBXBuildFile; fileRef = 844F9720247B99CB008E0BC6 /* LoginViewController.storyboard */; };
		844F9724247B99DE008E0BC6 /* SplashViewController.storyboard in Resources */ = {isa = PBXBuildFile; fileRef = 844F9723247B99DE008E0BC6 /* SplashViewController.storyboard */; };
		844F9726247B99E6008E0BC6 /* SplashViewController.swift in Sources */ = {isa = PBXBuildFile; fileRef = 844F9725247B99E6008E0BC6 /* SplashViewController.swift */; };
		844F9728247B99F1008E0BC6 /* LoginViewController.swift in Sources */ = {isa = PBXBuildFile; fileRef = 844F9727247B99F1008E0BC6 /* LoginViewController.swift */; };
		844F972A247B99FB008E0BC6 /* LoginControllerViewModel.swift in Sources */ = {isa = PBXBuildFile; fileRef = 844F9729247B99FB008E0BC6 /* LoginControllerViewModel.swift */; };
		844F972C247B9A0A008E0BC6 /* MainControllerViewModel.swift in Sources */ = {isa = PBXBuildFile; fileRef = 844F972B247B9A0A008E0BC6 /* MainControllerViewModel.swift */; };
		844F972E247B9A2E008E0BC6 /* SplashControllerViewModel.swift in Sources */ = {isa = PBXBuildFile; fileRef = 844F972D247B9A2E008E0BC6 /* SplashControllerViewModel.swift */; };
		844F9730247B9BF5008E0BC6 /* Common.swift in Sources */ = {isa = PBXBuildFile; fileRef = 844F972F247B9BF5008E0BC6 /* Common.swift */; };
		844F9732247BA177008E0BC6 /* GoogleService-Info.plist in Resources */ = {isa = PBXBuildFile; fileRef = 844F9731247BA177008E0BC6 /* GoogleService-Info.plist */; };
		844F9735247BC400008E0BC6 /* ErrorTextField.swift in Sources */ = {isa = PBXBuildFile; fileRef = 844F9734247BC400008E0BC6 /* ErrorTextField.swift */; };
		844F9737247BC429008E0BC6 /* SettableView.swift in Sources */ = {isa = PBXBuildFile; fileRef = 844F9736247BC429008E0BC6 /* SettableView.swift */; };
		8470B2942480AF2A003303B3 /* PasswordTextField.swift in Sources */ = {isa = PBXBuildFile; fileRef = 8470B2932480AF2A003303B3 /* PasswordTextField.swift */; };
		8470B2962480AF60003303B3 /* String+Extensions.swift in Sources */ = {isa = PBXBuildFile; fileRef = 8470B2952480AF60003303B3 /* String+Extensions.swift */; };
		8470B2982480C700003303B3 /* GlobalConstants.swift in Sources */ = {isa = PBXBuildFile; fileRef = 8470B2972480C700003303B3 /* GlobalConstants.swift */; };
		8474AB6F2498831700520D5C /* HUDPresenter.swift in Sources */ = {isa = PBXBuildFile; fileRef = 8474AB6E2498831700520D5C /* HUDPresenter.swift */; };
		8474AB7224989B2000520D5C /* SidebarPresenter.swift in Sources */ = {isa = PBXBuildFile; fileRef = 8474AB7124989B2000520D5C /* SidebarPresenter.swift */; };
		8474AB762498C34600520D5C /* SidebarViewController.swift in Sources */ = {isa = PBXBuildFile; fileRef = 8474AB752498C34600520D5C /* SidebarViewController.swift */; };
		8474AB782498C6EF00520D5C /* SidebarControllerViewModel.swift in Sources */ = {isa = PBXBuildFile; fileRef = 8474AB772498C6EF00520D5C /* SidebarControllerViewModel.swift */; };
		8474AB7A2498C72C00520D5C /* AbstractControllerViewModel.swift in Sources */ = {isa = PBXBuildFile; fileRef = 8474AB792498C72C00520D5C /* AbstractControllerViewModel.swift */; };
		8474AB7C2498CA1300520D5C /* SidebarViewController.storyboard in Resources */ = {isa = PBXBuildFile; fileRef = 8474AB7B2498CA1300520D5C /* SidebarViewController.storyboard */; };
		8474AB7E2498D03300520D5C /* SidebarTableViewCell.swift in Sources */ = {isa = PBXBuildFile; fileRef = 8474AB7D2498D03300520D5C /* SidebarTableViewCell.swift */; };
		847B24D224874D980016B8FD /* AbstractNavigationController.swift in Sources */ = {isa = PBXBuildFile; fileRef = 847B24D124874D980016B8FD /* AbstractNavigationController.swift */; };
		847B24D524875CD80016B8FD /* PrimaryButton.swift in Sources */ = {isa = PBXBuildFile; fileRef = 847B24D424875CD80016B8FD /* PrimaryButton.swift */; };
		847B24D7248766150016B8FD /* SecondaryButton.swift in Sources */ = {isa = PBXBuildFile; fileRef = 847B24D6248766150016B8FD /* SecondaryButton.swift */; };
		847B24D924876EE80016B8FD /* TextButton.swift in Sources */ = {isa = PBXBuildFile; fileRef = 847B24D824876EE80016B8FD /* TextButton.swift */; };
		847B24DB248793020016B8FD /* APIManager+Firebase.swift in Sources */ = {isa = PBXBuildFile; fileRef = 847B24DA248793020016B8FD /* APIManager+Firebase.swift */; };
		847B24DD24879D570016B8FD /* DefaultStorage.swift in Sources */ = {isa = PBXBuildFile; fileRef = 847B24DC24879D570016B8FD /* DefaultStorage.swift */; };
		847B24DF24879E290016B8FD /* KeychainManager.swift in Sources */ = {isa = PBXBuildFile; fileRef = 847B24DE24879E290016B8FD /* KeychainManager.swift */; };
		847B24E12487A0170016B8FD /* AlertPresenter.swift in Sources */ = {isa = PBXBuildFile; fileRef = 847B24E02487A0170016B8FD /* AlertPresenter.swift */; };
		847B24E32487A9070016B8FD /* MainNavigationController.swift in Sources */ = {isa = PBXBuildFile; fileRef = 847B24E22487A9070016B8FD /* MainNavigationController.swift */; };
		849907BB2488A04C003FF06F /* HUDLoaderView.swift in Sources */ = {isa = PBXBuildFile; fileRef = 849907BA2488A04C003FF06F /* HUDLoaderView.swift */; };
		849907BD2488AC3C003FF06F /* UIColor+Extensions.swift in Sources */ = {isa = PBXBuildFile; fileRef = 849907BC2488AC3C003FF06F /* UIColor+Extensions.swift */; };
		84EEDD492484BBAC0075FAF0 /* RegistrationViewController.storyboard in Resources */ = {isa = PBXBuildFile; fileRef = 84EEDD482484BBAC0075FAF0 /* RegistrationViewController.storyboard */; };
		84EEDD4B2484BBB70075FAF0 /* RegistrationViewController.swift in Sources */ = {isa = PBXBuildFile; fileRef = 84EEDD4A2484BBB70075FAF0 /* RegistrationViewController.swift */; };
		84EEDD4D2484BBC30075FAF0 /* RegistrationControllerViewModel.swift in Sources */ = {isa = PBXBuildFile; fileRef = 84EEDD4C2484BBC30075FAF0 /* RegistrationControllerViewModel.swift */; };
		84EEDD502484C8370075FAF0 /* AbstractViewController.swift in Sources */ = {isa = PBXBuildFile; fileRef = 84EEDD4F2484C8370075FAF0 /* AbstractViewController.swift */; };
		84EEDD522484E1070075FAF0 /* RootWindow.swift in Sources */ = {isa = PBXBuildFile; fileRef = 84EEDD512484E1070075FAF0 /* RootWindow.swift */; };
		84EEDD552484E1470075FAF0 /* DeepLink.swift in Sources */ = {isa = PBXBuildFile; fileRef = 84EEDD542484E1470075FAF0 /* DeepLink.swift */; };
		84EEDD582484F11A0075FAF0 /* AppSession.swift in Sources */ = {isa = PBXBuildFile; fileRef = 84EEDD572484F11A0075FAF0 /* AppSession.swift */; };
		84EEDD5A2484F1550075FAF0 /* DataManager.swift in Sources */ = {isa = PBXBuildFile; fileRef = 84EEDD592484F1550075FAF0 /* DataManager.swift */; };
		84EEDD632484F1E00075FAF0 /* Profile.swift in Sources */ = {isa = PBXBuildFile; fileRef = 84EEDD622484F1E00075FAF0 /* Profile.swift */; };
		84EEDD682484F7860075FAF0 /* AuthNavigationController.swift in Sources */ = {isa = PBXBuildFile; fileRef = 84EEDD672484F7860075FAF0 /* AuthNavigationController.swift */; };
		84EEDD6D248507400075FAF0 /* APIManager.swift in Sources */ = {isa = PBXBuildFile; fileRef = 84EEDD6C248507400075FAF0 /* APIManager.swift */; };
		84EEDD6F248508BD0075FAF0 /* APIError.swift in Sources */ = {isa = PBXBuildFile; fileRef = 84EEDD6E248508BD0075FAF0 /* APIError.swift */; };
		CCCACB5A3F2A3CDAB14C3ED3 /* Pods_FireNoteTests.framework in Frameworks */ = {isa = PBXBuildFile; fileRef = 69B1F91E44AEC508567D5DF9 /* Pods_FireNoteTests.framework */; };
		F33DA4A49165E869ED35E8BA /* Pods_FireNote.framework in Frameworks */ = {isa = PBXBuildFile; fileRef = 26555B66BEAC24128FC4E192 /* Pods_FireNote.framework */; };
/* End PBXBuildFile section */

/* Begin PBXContainerItemProxy section */
		844F9706247B943D008E0BC6 /* PBXContainerItemProxy */ = {
			isa = PBXContainerItemProxy;
			containerPortal = 844F96E7247B9439008E0BC6 /* Project object */;
			proxyType = 1;
			remoteGlobalIDString = 844F96EE247B9439008E0BC6;
			remoteInfo = FireNote;
		};
/* End PBXContainerItemProxy section */

/* Begin PBXFileReference section */
		26555B66BEAC24128FC4E192 /* Pods_FireNote.framework */ = {isa = PBXFileReference; explicitFileType = wrapper.framework; includeInIndex = 0; path = Pods_FireNote.framework; sourceTree = BUILT_PRODUCTS_DIR; };
		407F1EA1C30867388D06C8FF /* Pods-FireNoteTests.debug.xcconfig */ = {isa = PBXFileReference; includeInIndex = 1; lastKnownFileType = text.xcconfig; name = "Pods-FireNoteTests.debug.xcconfig"; path = "Target Support Files/Pods-FireNoteTests/Pods-FireNoteTests.debug.xcconfig"; sourceTree = "<group>"; };
		69B1F91E44AEC508567D5DF9 /* Pods_FireNoteTests.framework */ = {isa = PBXFileReference; explicitFileType = wrapper.framework; includeInIndex = 0; path = Pods_FireNoteTests.framework; sourceTree = BUILT_PRODUCTS_DIR; };
		8438A4AC247FD00E00EAAAFB /* R.generated.swift */ = {isa = PBXFileReference; fileEncoding = 4; lastKnownFileType = sourcecode.swift; path = R.generated.swift; sourceTree = SOURCE_ROOT; };
		8438A4AE247FD22600EAAAFB /* PrimaryTextField.swift */ = {isa = PBXFileReference; lastKnownFileType = sourcecode.swift; path = PrimaryTextField.swift; sourceTree = "<group>"; };
		8438A4B3247FD6E500EAAAFB /* Baloo2-Medium.ttf */ = {isa = PBXFileReference; lastKnownFileType = file; path = "Baloo2-Medium.ttf"; sourceTree = "<group>"; };
		8438A4B4247FD6E500EAAAFB /* Baloo2-ExtraBold.ttf */ = {isa = PBXFileReference; lastKnownFileType = file; path = "Baloo2-ExtraBold.ttf"; sourceTree = "<group>"; };
		8438A4B5247FD6E500EAAAFB /* Baloo2-SemiBold.ttf */ = {isa = PBXFileReference; lastKnownFileType = file; path = "Baloo2-SemiBold.ttf"; sourceTree = "<group>"; };
		8438A4B6247FD6E500EAAAFB /* Baloo2-Regular.ttf */ = {isa = PBXFileReference; lastKnownFileType = file; path = "Baloo2-Regular.ttf"; sourceTree = "<group>"; };
		8438A4B7247FD6E500EAAAFB /* Baloo2-Bold.ttf */ = {isa = PBXFileReference; lastKnownFileType = file; path = "Baloo2-Bold.ttf"; sourceTree = "<group>"; };
		844F96EF247B9439008E0BC6 /* FireNote.app */ = {isa = PBXFileReference; explicitFileType = wrapper.application; includeInIndex = 0; path = FireNote.app; sourceTree = BUILT_PRODUCTS_DIR; };
		844F96F2247B9439008E0BC6 /* AppDelegate.swift */ = {isa = PBXFileReference; lastKnownFileType = sourcecode.swift; path = AppDelegate.swift; sourceTree = "<group>"; };
		844F96F6247B9439008E0BC6 /* MainViewController.swift */ = {isa = PBXFileReference; lastKnownFileType = sourcecode.swift; path = MainViewController.swift; sourceTree = "<group>"; };
		844F96F9247B9439008E0BC6 /* Base */ = {isa = PBXFileReference; lastKnownFileType = file.storyboard; name = Base; path = Base.lproj/MainViewController.storyboard; sourceTree = "<group>"; };
		844F96FB247B943D008E0BC6 /* Assets.xcassets */ = {isa = PBXFileReference; lastKnownFileType = folder.assetcatalog; path = Assets.xcassets; sourceTree = "<group>"; };
		844F96FE247B943D008E0BC6 /* Base */ = {isa = PBXFileReference; lastKnownFileType = file.storyboard; name = Base; path = Base.lproj/LaunchScreen.storyboard; sourceTree = "<group>"; };
		844F9700247B943D008E0BC6 /* Info.plist */ = {isa = PBXFileReference; lastKnownFileType = text.plist.xml; path = Info.plist; sourceTree = "<group>"; };
		844F9705247B943D008E0BC6 /* FireNoteTests.xctest */ = {isa = PBXFileReference; explicitFileType = wrapper.cfbundle; includeInIndex = 0; path = FireNoteTests.xctest; sourceTree = BUILT_PRODUCTS_DIR; };
		844F9709247B943D008E0BC6 /* FireNoteTests.swift */ = {isa = PBXFileReference; lastKnownFileType = sourcecode.swift; path = FireNoteTests.swift; sourceTree = "<group>"; };
		844F970B247B943D008E0BC6 /* Info.plist */ = {isa = PBXFileReference; lastKnownFileType = text.plist.xml; path = Info.plist; sourceTree = "<group>"; };
		844F9720247B99CB008E0BC6 /* LoginViewController.storyboard */ = {isa = PBXFileReference; lastKnownFileType = file.storyboard; path = LoginViewController.storyboard; sourceTree = "<group>"; };
		844F9723247B99DE008E0BC6 /* SplashViewController.storyboard */ = {isa = PBXFileReference; lastKnownFileType = file.storyboard; path = SplashViewController.storyboard; sourceTree = "<group>"; };
		844F9725247B99E6008E0BC6 /* SplashViewController.swift */ = {isa = PBXFileReference; lastKnownFileType = sourcecode.swift; path = SplashViewController.swift; sourceTree = "<group>"; };
		844F9727247B99F1008E0BC6 /* LoginViewController.swift */ = {isa = PBXFileReference; lastKnownFileType = sourcecode.swift; path = LoginViewController.swift; sourceTree = "<group>"; };
		844F9729247B99FB008E0BC6 /* LoginControllerViewModel.swift */ = {isa = PBXFileReference; lastKnownFileType = sourcecode.swift; path = LoginControllerViewModel.swift; sourceTree = "<group>"; };
		844F972B247B9A0A008E0BC6 /* MainControllerViewModel.swift */ = {isa = PBXFileReference; lastKnownFileType = sourcecode.swift; path = MainControllerViewModel.swift; sourceTree = "<group>"; };
		844F972D247B9A2E008E0BC6 /* SplashControllerViewModel.swift */ = {isa = PBXFileReference; lastKnownFileType = sourcecode.swift; path = SplashControllerViewModel.swift; sourceTree = "<group>"; };
		844F972F247B9BF5008E0BC6 /* Common.swift */ = {isa = PBXFileReference; lastKnownFileType = sourcecode.swift; path = Common.swift; sourceTree = "<group>"; };
		844F9731247BA177008E0BC6 /* GoogleService-Info.plist */ = {isa = PBXFileReference; fileEncoding = 4; lastKnownFileType = text.plist.xml; path = "GoogleService-Info.plist"; sourceTree = "<group>"; };
		844F9734247BC400008E0BC6 /* ErrorTextField.swift */ = {isa = PBXFileReference; lastKnownFileType = sourcecode.swift; path = ErrorTextField.swift; sourceTree = "<group>"; };
		844F9736247BC429008E0BC6 /* SettableView.swift */ = {isa = PBXFileReference; lastKnownFileType = sourcecode.swift; path = SettableView.swift; sourceTree = "<group>"; };
		8470B2932480AF2A003303B3 /* PasswordTextField.swift */ = {isa = PBXFileReference; fileEncoding = 4; lastKnownFileType = sourcecode.swift; path = PasswordTextField.swift; sourceTree = "<group>"; };
		8470B2952480AF60003303B3 /* String+Extensions.swift */ = {isa = PBXFileReference; lastKnownFileType = sourcecode.swift; path = "String+Extensions.swift"; sourceTree = "<group>"; };
		8470B2972480C700003303B3 /* GlobalConstants.swift */ = {isa = PBXFileReference; lastKnownFileType = sourcecode.swift; path = GlobalConstants.swift; sourceTree = "<group>"; };
		8474AB6E2498831700520D5C /* HUDPresenter.swift */ = {isa = PBXFileReference; lastKnownFileType = sourcecode.swift; path = HUDPresenter.swift; sourceTree = "<group>"; };
		8474AB7124989B2000520D5C /* SidebarPresenter.swift */ = {isa = PBXFileReference; lastKnownFileType = sourcecode.swift; path = SidebarPresenter.swift; sourceTree = "<group>"; };
		8474AB752498C34600520D5C /* SidebarViewController.swift */ = {isa = PBXFileReference; lastKnownFileType = sourcecode.swift; path = SidebarViewController.swift; sourceTree = "<group>"; };
		8474AB772498C6EF00520D5C /* SidebarControllerViewModel.swift */ = {isa = PBXFileReference; lastKnownFileType = sourcecode.swift; path = SidebarControllerViewModel.swift; sourceTree = "<group>"; };
		8474AB792498C72C00520D5C /* AbstractControllerViewModel.swift */ = {isa = PBXFileReference; lastKnownFileType = sourcecode.swift; path = AbstractControllerViewModel.swift; sourceTree = "<group>"; };
		8474AB7B2498CA1300520D5C /* SidebarViewController.storyboard */ = {isa = PBXFileReference; lastKnownFileType = file.storyboard; path = SidebarViewController.storyboard; sourceTree = "<group>"; };
		8474AB7D2498D03300520D5C /* SidebarTableViewCell.swift */ = {isa = PBXFileReference; lastKnownFileType = sourcecode.swift; path = SidebarTableViewCell.swift; sourceTree = "<group>"; };
		847B24D124874D980016B8FD /* AbstractNavigationController.swift */ = {isa = PBXFileReference; lastKnownFileType = sourcecode.swift; path = AbstractNavigationController.swift; sourceTree = "<group>"; };
		847B24D424875CD80016B8FD /* PrimaryButton.swift */ = {isa = PBXFileReference; lastKnownFileType = sourcecode.swift; path = PrimaryButton.swift; sourceTree = "<group>"; };
		847B24D6248766150016B8FD /* SecondaryButton.swift */ = {isa = PBXFileReference; lastKnownFileType = sourcecode.swift; path = SecondaryButton.swift; sourceTree = "<group>"; };
		847B24D824876EE80016B8FD /* TextButton.swift */ = {isa = PBXFileReference; lastKnownFileType = sourcecode.swift; path = TextButton.swift; sourceTree = "<group>"; };
		847B24DA248793020016B8FD /* APIManager+Firebase.swift */ = {isa = PBXFileReference; lastKnownFileType = sourcecode.swift; path = "APIManager+Firebase.swift"; sourceTree = "<group>"; };
		847B24DC24879D570016B8FD /* DefaultStorage.swift */ = {isa = PBXFileReference; lastKnownFileType = sourcecode.swift; path = DefaultStorage.swift; sourceTree = "<group>"; };
		847B24DE24879E290016B8FD /* KeychainManager.swift */ = {isa = PBXFileReference; lastKnownFileType = sourcecode.swift; path = KeychainManager.swift; sourceTree = "<group>"; };
		847B24E02487A0170016B8FD /* AlertPresenter.swift */ = {isa = PBXFileReference; lastKnownFileType = sourcecode.swift; path = AlertPresenter.swift; sourceTree = "<group>"; };
		847B24E22487A9070016B8FD /* MainNavigationController.swift */ = {isa = PBXFileReference; lastKnownFileType = sourcecode.swift; path = MainNavigationController.swift; sourceTree = "<group>"; };
		849907BA2488A04C003FF06F /* HUDLoaderView.swift */ = {isa = PBXFileReference; lastKnownFileType = sourcecode.swift; path = HUDLoaderView.swift; sourceTree = "<group>"; };
		849907BC2488AC3C003FF06F /* UIColor+Extensions.swift */ = {isa = PBXFileReference; lastKnownFileType = sourcecode.swift; path = "UIColor+Extensions.swift"; sourceTree = "<group>"; };
		84EEDD482484BBAC0075FAF0 /* RegistrationViewController.storyboard */ = {isa = PBXFileReference; lastKnownFileType = file.storyboard; path = RegistrationViewController.storyboard; sourceTree = "<group>"; };
		84EEDD4A2484BBB70075FAF0 /* RegistrationViewController.swift */ = {isa = PBXFileReference; lastKnownFileType = sourcecode.swift; path = RegistrationViewController.swift; sourceTree = "<group>"; };
		84EEDD4C2484BBC30075FAF0 /* RegistrationControllerViewModel.swift */ = {isa = PBXFileReference; lastKnownFileType = sourcecode.swift; path = RegistrationControllerViewModel.swift; sourceTree = "<group>"; };
		84EEDD4F2484C8370075FAF0 /* AbstractViewController.swift */ = {isa = PBXFileReference; lastKnownFileType = sourcecode.swift; path = AbstractViewController.swift; sourceTree = "<group>"; };
		84EEDD512484E1070075FAF0 /* RootWindow.swift */ = {isa = PBXFileReference; lastKnownFileType = sourcecode.swift; path = RootWindow.swift; sourceTree = "<group>"; };
		84EEDD542484E1470075FAF0 /* DeepLink.swift */ = {isa = PBXFileReference; lastKnownFileType = sourcecode.swift; path = DeepLink.swift; sourceTree = "<group>"; };
		84EEDD572484F11A0075FAF0 /* AppSession.swift */ = {isa = PBXFileReference; lastKnownFileType = sourcecode.swift; path = AppSession.swift; sourceTree = "<group>"; };
		84EEDD592484F1550075FAF0 /* DataManager.swift */ = {isa = PBXFileReference; lastKnownFileType = sourcecode.swift; path = DataManager.swift; sourceTree = "<group>"; };
		84EEDD622484F1E00075FAF0 /* Profile.swift */ = {isa = PBXFileReference; lastKnownFileType = sourcecode.swift; path = Profile.swift; sourceTree = "<group>"; };
		84EEDD672484F7860075FAF0 /* AuthNavigationController.swift */ = {isa = PBXFileReference; lastKnownFileType = sourcecode.swift; path = AuthNavigationController.swift; sourceTree = "<group>"; };
		84EEDD6C248507400075FAF0 /* APIManager.swift */ = {isa = PBXFileReference; lastKnownFileType = sourcecode.swift; path = APIManager.swift; sourceTree = "<group>"; };
		84EEDD6E248508BD0075FAF0 /* APIError.swift */ = {isa = PBXFileReference; lastKnownFileType = sourcecode.swift; path = APIError.swift; sourceTree = "<group>"; };
		BFEFDE683EFB306B8735176C /* Pods-FireNoteTests.release.xcconfig */ = {isa = PBXFileReference; includeInIndex = 1; lastKnownFileType = text.xcconfig; name = "Pods-FireNoteTests.release.xcconfig"; path = "Target Support Files/Pods-FireNoteTests/Pods-FireNoteTests.release.xcconfig"; sourceTree = "<group>"; };
		CB72BE2B8C5EA4D8C3B79E9C /* Pods-FireNote.debug.xcconfig */ = {isa = PBXFileReference; includeInIndex = 1; lastKnownFileType = text.xcconfig; name = "Pods-FireNote.debug.xcconfig"; path = "Target Support Files/Pods-FireNote/Pods-FireNote.debug.xcconfig"; sourceTree = "<group>"; };
		D104B811843826227E5A89FA /* Pods-FireNote.release.xcconfig */ = {isa = PBXFileReference; includeInIndex = 1; lastKnownFileType = text.xcconfig; name = "Pods-FireNote.release.xcconfig"; path = "Target Support Files/Pods-FireNote/Pods-FireNote.release.xcconfig"; sourceTree = "<group>"; };
/* End PBXFileReference section */

/* Begin PBXFrameworksBuildPhase section */
		844F96EC247B9439008E0BC6 /* Frameworks */ = {
			isa = PBXFrameworksBuildPhase;
			buildActionMask = 2147483647;
			files = (
				F33DA4A49165E869ED35E8BA /* Pods_FireNote.framework in Frameworks */,
			);
			runOnlyForDeploymentPostprocessing = 0;
		};
		844F9702247B943D008E0BC6 /* Frameworks */ = {
			isa = PBXFrameworksBuildPhase;
			buildActionMask = 2147483647;
			files = (
				CCCACB5A3F2A3CDAB14C3ED3 /* Pods_FireNoteTests.framework in Frameworks */,
			);
			runOnlyForDeploymentPostprocessing = 0;
		};
/* End PBXFrameworksBuildPhase section */

/* Begin PBXGroup section */
		20CE3FBCFA42B5D3A35DE7F2 /* Frameworks */ = {
			isa = PBXGroup;
			children = (
				26555B66BEAC24128FC4E192 /* Pods_FireNote.framework */,
				69B1F91E44AEC508567D5DF9 /* Pods_FireNoteTests.framework */,
			);
			name = Frameworks;
			sourceTree = "<group>";
		};
		8438A4B0247FD4EA00EAAAFB /* RSwift */ = {
			isa = PBXGroup;
			children = (
				8438A4AC247FD00E00EAAAFB /* R.generated.swift */,
			);
			path = RSwift;
			sourceTree = "<group>";
		};
		8438A4B1247FD5BF00EAAAFB /* Fonts */ = {
			isa = PBXGroup;
			children = (
				8438A4B2247FD6D600EAAAFB /* Baloo2 */,
			);
			path = Fonts;
			sourceTree = "<group>";
		};
		8438A4B2247FD6D600EAAAFB /* Baloo2 */ = {
			isa = PBXGroup;
			children = (
				8438A4B7247FD6E500EAAAFB /* Baloo2-Bold.ttf */,
				8438A4B4247FD6E500EAAAFB /* Baloo2-ExtraBold.ttf */,
				8438A4B3247FD6E500EAAAFB /* Baloo2-Medium.ttf */,
				8438A4B6247FD6E500EAAAFB /* Baloo2-Regular.ttf */,
				8438A4B5247FD6E500EAAAFB /* Baloo2-SemiBold.ttf */,
			);
			path = Baloo2;
			sourceTree = "<group>";
		};
		844F96E6247B9439008E0BC6 = {
			isa = PBXGroup;
			children = (
				844F96F1247B9439008E0BC6 /* FireNote */,
				844F9708247B943D008E0BC6 /* FireNoteTests */,
				844F96F0247B9439008E0BC6 /* Products */,
				EA0AC5C7DCEA1D0DD21CFD49 /* Pods */,
				20CE3FBCFA42B5D3A35DE7F2 /* Frameworks */,
			);
			sourceTree = "<group>";
		};
		844F96F0247B9439008E0BC6 /* Products */ = {
			isa = PBXGroup;
			children = (
				844F96EF247B9439008E0BC6 /* FireNote.app */,
				844F9705247B943D008E0BC6 /* FireNoteTests.xctest */,
			);
			name = Products;
			sourceTree = "<group>";
		};
		844F96F1247B9439008E0BC6 /* FireNote */ = {
			isa = PBXGroup;
			children = (
				8438A4B1247FD5BF00EAAAFB /* Fonts */,
				844F971C247B97DA008E0BC6 /* UI Components */,
				844F971B247B97D4008E0BC6 /* Coordination */,
				844F971A247B97CF008E0BC6 /* Session */,
				844F9719247B97C9008E0BC6 /* Network */,
				844F9718247B97C3008E0BC6 /* Modules */,
				844F9717247B97BE008E0BC6 /* Extensions */,
				844F9716247B97AD008E0BC6 /* Utils */,
				844F96F2247B9439008E0BC6 /* AppDelegate.swift */,
				844F96FB247B943D008E0BC6 /* Assets.xcassets */,
				844F96FD247B943D008E0BC6 /* LaunchScreen.storyboard */,
				844F9700247B943D008E0BC6 /* Info.plist */,
				844F9731247BA177008E0BC6 /* GoogleService-Info.plist */,
			);
			path = FireNote;
			sourceTree = "<group>";
		};
		844F9708247B943D008E0BC6 /* FireNoteTests */ = {
			isa = PBXGroup;
			children = (
				844F9709247B943D008E0BC6 /* FireNoteTests.swift */,
				844F970B247B943D008E0BC6 /* Info.plist */,
			);
			path = FireNoteTests;
			sourceTree = "<group>";
		};
		844F9716247B97AD008E0BC6 /* Utils */ = {
			isa = PBXGroup;
			children = (
				844F972F247B9BF5008E0BC6 /* Common.swift */,
				8470B2972480C700003303B3 /* GlobalConstants.swift */,
				849907B5248893E5003FF06F /* Managers */,
				849907B4248893DB003FF06F /* Presenters */,
				8438A4B0247FD4EA00EAAAFB /* RSwift */,
			);
			path = Utils;
			sourceTree = "<group>";
		};
		844F9717247B97BE008E0BC6 /* Extensions */ = {
			isa = PBXGroup;
			children = (
				8470B2952480AF60003303B3 /* String+Extensions.swift */,
				849907BC2488AC3C003FF06F /* UIColor+Extensions.swift */,
			);
			path = Extensions;
			sourceTree = "<group>";
		};
		844F9718247B97C3008E0BC6 /* Modules */ = {
			isa = PBXGroup;
			children = (
				84EEDD4E2484C8290075FAF0 /* Common */,
				8474AB70249898EA00520D5C /* Sidebar */,
				844F9722247B99D1008E0BC6 /* SplashViewController */,
				844F971F247B98AC008E0BC6 /* Auth */,
				844F971E247B9828008E0BC6 /* Main */,
			);
			path = Modules;
			sourceTree = "<group>";
		};
		844F9719247B97C9008E0BC6 /* Network */ = {
			isa = PBXGroup;
			children = (
				84EEDD6B248507320075FAF0 /* API Manager */,
				84EEDD5D2484F1990075FAF0 /* Request Keys */,
				84EEDD5C2484F1940075FAF0 /* Targets */,
				84EEDD5B2484F18F0075FAF0 /* Models */,
			);
			path = Network;
			sourceTree = "<group>";
		};
		844F971A247B97CF008E0BC6 /* Session */ = {
			isa = PBXGroup;
			children = (
				84EEDD572484F11A0075FAF0 /* AppSession.swift */,
				84EEDD592484F1550075FAF0 /* DataManager.swift */,
				847B24DC24879D570016B8FD /* DefaultStorage.swift */,
			);
			path = Session;
			sourceTree = "<group>";
		};
		844F971B247B97D4008E0BC6 /* Coordination */ = {
			isa = PBXGroup;
			children = (
				84EEDD532484E13C0075FAF0 /* DeepLink */,
				84EEDD512484E1070075FAF0 /* RootWindow.swift */,
			);
			path = Coordination;
			sourceTree = "<group>";
		};
		844F971C247B97DA008E0BC6 /* UI Components */ = {
			isa = PBXGroup;
			children = (
				844F9736247BC429008E0BC6 /* SettableView.swift */,
				849907B92488A02F003FF06F /* Views */,
				847B24D324875C730016B8FD /* Buttons */,
				844F9733247BC3AF008E0BC6 /* TextFields */,
			);
			path = "UI Components";
			sourceTree = "<group>";
		};
		844F971E247B9828008E0BC6 /* Main */ = {
			isa = PBXGroup;
			children = (
				847B24E22487A9070016B8FD /* MainNavigationController.swift */,
				844F96F8247B9439008E0BC6 /* MainViewController.storyboard */,
				844F96F6247B9439008E0BC6 /* MainViewController.swift */,
				844F972B247B9A0A008E0BC6 /* MainControllerViewModel.swift */,
			);
			path = Main;
			sourceTree = "<group>";
		};
		844F971F247B98AC008E0BC6 /* Auth */ = {
			isa = PBXGroup;
			children = (
				84EEDD672484F7860075FAF0 /* AuthNavigationController.swift */,
				84EEDD472484BB9C0075FAF0 /* Registration */,
				84EEDD462484BB690075FAF0 /* Login */,
			);
			path = Auth;
			sourceTree = "<group>";
		};
		844F9722247B99D1008E0BC6 /* SplashViewController */ = {
			isa = PBXGroup;
			children = (
				844F9723247B99DE008E0BC6 /* SplashViewController.storyboard */,
				844F9725247B99E6008E0BC6 /* SplashViewController.swift */,
				844F972D247B9A2E008E0BC6 /* SplashControllerViewModel.swift */,
			);
			path = SplashViewController;
			sourceTree = "<group>";
		};
		844F9733247BC3AF008E0BC6 /* TextFields */ = {
			isa = PBXGroup;
			children = (
				844F9734247BC400008E0BC6 /* ErrorTextField.swift */,
				8438A4AE247FD22600EAAAFB /* PrimaryTextField.swift */,
				8470B2932480AF2A003303B3 /* PasswordTextField.swift */,
			);
			path = TextFields;
			sourceTree = "<group>";
		};
		8474AB70249898EA00520D5C /* Sidebar */ = {
			isa = PBXGroup;
			children = (
				8474AB7124989B2000520D5C /* SidebarPresenter.swift */,
				8474AB752498C34600520D5C /* SidebarViewController.swift */,
				8474AB772498C6EF00520D5C /* SidebarControllerViewModel.swift */,
				8474AB7B2498CA1300520D5C /* SidebarViewController.storyboard */,
				8474AB7D2498D03300520D5C /* SidebarTableViewCell.swift */,
			);
			path = Sidebar;
			sourceTree = "<group>";
		};
		847B24D324875C730016B8FD /* Buttons */ = {
			isa = PBXGroup;
			children = (
				847B24D424875CD80016B8FD /* PrimaryButton.swift */,
				847B24D6248766150016B8FD /* SecondaryButton.swift */,
				847B24D824876EE80016B8FD /* TextButton.swift */,
			);
			path = Buttons;
			sourceTree = "<group>";
		};
		849907B4248893DB003FF06F /* Presenters */ = {
			isa = PBXGroup;
			children = (
				847B24E02487A0170016B8FD /* AlertPresenter.swift */,
				8474AB6E2498831700520D5C /* HUDPresenter.swift */,
			);
			path = Presenters;
			sourceTree = "<group>";
		};
		849907B5248893E5003FF06F /* Managers */ = {
			isa = PBXGroup;
			children = (
				847B24DE24879E290016B8FD /* KeychainManager.swift */,
			);
			path = Managers;
			sourceTree = "<group>";
		};
		849907B92488A02F003FF06F /* Views */ = {
			isa = PBXGroup;
			children = (
				849907BA2488A04C003FF06F /* HUDLoaderView.swift */,
			);
			path = Views;
			sourceTree = "<group>";
		};
		84EEDD462484BB690075FAF0 /* Login */ = {
			isa = PBXGroup;
			children = (
				844F9720247B99CB008E0BC6 /* LoginViewController.storyboard */,
				844F9727247B99F1008E0BC6 /* LoginViewController.swift */,
				844F9729247B99FB008E0BC6 /* LoginControllerViewModel.swift */,
			);
			path = Login;
			sourceTree = "<group>";
		};
		84EEDD472484BB9C0075FAF0 /* Registration */ = {
			isa = PBXGroup;
			children = (
				84EEDD482484BBAC0075FAF0 /* RegistrationViewController.storyboard */,
				84EEDD4A2484BBB70075FAF0 /* RegistrationViewController.swift */,
				84EEDD4C2484BBC30075FAF0 /* RegistrationControllerViewModel.swift */,
			);
			path = Registration;
			sourceTree = "<group>";
		};
		84EEDD4E2484C8290075FAF0 /* Common */ = {
			isa = PBXGroup;
			children = (
				84EEDD4F2484C8370075FAF0 /* AbstractViewController.swift */,
				847B24D124874D980016B8FD /* AbstractNavigationController.swift */,
				8474AB792498C72C00520D5C /* AbstractControllerViewModel.swift */,
			);
			path = Common;
			sourceTree = "<group>";
		};
		84EEDD532484E13C0075FAF0 /* DeepLink */ = {
			isa = PBXGroup;
			children = (
				84EEDD542484E1470075FAF0 /* DeepLink.swift */,
			);
			path = DeepLink;
			sourceTree = "<group>";
		};
		84EEDD5B2484F18F0075FAF0 /* Models */ = {
			isa = PBXGroup;
			children = (
				84EEDD622484F1E00075FAF0 /* Profile.swift */,
			);
			path = Models;
			sourceTree = "<group>";
		};
		84EEDD5C2484F1940075FAF0 /* Targets */ = {
			isa = PBXGroup;
			children = (
			);
			path = Targets;
			sourceTree = "<group>";
		};
		84EEDD5D2484F1990075FAF0 /* Request Keys */ = {
			isa = PBXGroup;
			children = (
			);
			path = "Request Keys";
			sourceTree = "<group>";
		};
		84EEDD6B248507320075FAF0 /* API Manager */ = {
			isa = PBXGroup;
			children = (
				84EEDD6C248507400075FAF0 /* APIManager.swift */,
				84EEDD6E248508BD0075FAF0 /* APIError.swift */,
				847B24DA248793020016B8FD /* APIManager+Firebase.swift */,
			);
			path = "API Manager";
			sourceTree = "<group>";
		};
		EA0AC5C7DCEA1D0DD21CFD49 /* Pods */ = {
			isa = PBXGroup;
			children = (
				CB72BE2B8C5EA4D8C3B79E9C /* Pods-FireNote.debug.xcconfig */,
				D104B811843826227E5A89FA /* Pods-FireNote.release.xcconfig */,
				407F1EA1C30867388D06C8FF /* Pods-FireNoteTests.debug.xcconfig */,
				BFEFDE683EFB306B8735176C /* Pods-FireNoteTests.release.xcconfig */,
			);
			path = Pods;
			sourceTree = "<group>";
		};
/* End PBXGroup section */

/* Begin PBXNativeTarget section */
		844F96EE247B9439008E0BC6 /* FireNote */ = {
			isa = PBXNativeTarget;
			buildConfigurationList = 844F970E247B943D008E0BC6 /* Build configuration list for PBXNativeTarget "FireNote" */;
			buildPhases = (
				4E3406AC9F9E3B3E417E689C /* [CP] Check Pods Manifest.lock */,
				8438A4AA247FCF3E00EAAAFB /* ShellScript */,
				844F9715247B96B1008E0BC6 /* Format */,
				844F9714247B96A4008E0BC6 /* Lint */,
				844F96EB247B9439008E0BC6 /* Sources */,
				844F96EC247B9439008E0BC6 /* Frameworks */,
				844F96ED247B9439008E0BC6 /* Resources */,
				6976BC3BF68FE046074D202C /* [CP] Embed Pods Frameworks */,
				98A9B9F28CC229213D5E92CD /* [CP] Copy Pods Resources */,
			);
			buildRules = (
			);
			dependencies = (
			);
			name = FireNote;
			productName = FireNote;
			productReference = 844F96EF247B9439008E0BC6 /* FireNote.app */;
			productType = "com.apple.product-type.application";
		};
		844F9704247B943D008E0BC6 /* FireNoteTests */ = {
			isa = PBXNativeTarget;
			buildConfigurationList = 844F9711247B943D008E0BC6 /* Build configuration list for PBXNativeTarget "FireNoteTests" */;
			buildPhases = (
				37F775B35027B1E333E731B6 /* [CP] Check Pods Manifest.lock */,
				844F9701247B943D008E0BC6 /* Sources */,
				844F9702247B943D008E0BC6 /* Frameworks */,
				844F9703247B943D008E0BC6 /* Resources */,
			);
			buildRules = (
			);
			dependencies = (
				844F9707247B943D008E0BC6 /* PBXTargetDependency */,
			);
			name = FireNoteTests;
			productName = FireNoteTests;
			productReference = 844F9705247B943D008E0BC6 /* FireNoteTests.xctest */;
			productType = "com.apple.product-type.bundle.unit-test";
		};
/* End PBXNativeTarget section */

/* Begin PBXProject section */
		844F96E7247B9439008E0BC6 /* Project object */ = {
			isa = PBXProject;
			attributes = {
				LastSwiftUpdateCheck = 1140;
				LastUpgradeCheck = 1140;
				ORGANIZATIONNAME = "Denis Kovalev";
				TargetAttributes = {
					844F96EE247B9439008E0BC6 = {
						CreatedOnToolsVersion = 11.4;
					};
					844F9704247B943D008E0BC6 = {
						CreatedOnToolsVersion = 11.4;
						TestTargetID = 844F96EE247B9439008E0BC6;
					};
				};
			};
			buildConfigurationList = 844F96EA247B9439008E0BC6 /* Build configuration list for PBXProject "FireNote" */;
			compatibilityVersion = "Xcode 9.3";
			developmentRegion = en;
			hasScannedForEncodings = 0;
			knownRegions = (
				en,
				Base,
			);
			mainGroup = 844F96E6247B9439008E0BC6;
			productRefGroup = 844F96F0247B9439008E0BC6 /* Products */;
			projectDirPath = "";
			projectRoot = "";
			targets = (
				844F96EE247B9439008E0BC6 /* FireNote */,
				844F9704247B943D008E0BC6 /* FireNoteTests */,
			);
		};
/* End PBXProject section */

/* Begin PBXResourcesBuildPhase section */
		844F96ED247B9439008E0BC6 /* Resources */ = {
			isa = PBXResourcesBuildPhase;
			buildActionMask = 2147483647;
			files = (
				8438A4BC247FD6E500EAAAFB /* Baloo2-Bold.ttf in Resources */,
				844F96FF247B943D008E0BC6 /* LaunchScreen.storyboard in Resources */,
				84EEDD492484BBAC0075FAF0 /* RegistrationViewController.storyboard in Resources */,
				8438A4B9247FD6E500EAAAFB /* Baloo2-ExtraBold.ttf in Resources */,
				8474AB7C2498CA1300520D5C /* SidebarViewController.storyboard in Resources */,
				844F9721247B99CB008E0BC6 /* LoginViewController.storyboard in Resources */,
				8438A4B8247FD6E500EAAAFB /* Baloo2-Medium.ttf in Resources */,
				844F96FC247B943D008E0BC6 /* Assets.xcassets in Resources */,
				844F96FA247B9439008E0BC6 /* MainViewController.storyboard in Resources */,
				844F9724247B99DE008E0BC6 /* SplashViewController.storyboard in Resources */,
				8438A4BA247FD6E500EAAAFB /* Baloo2-SemiBold.ttf in Resources */,
				8438A4BB247FD6E500EAAAFB /* Baloo2-Regular.ttf in Resources */,
				844F9732247BA177008E0BC6 /* GoogleService-Info.plist in Resources */,
			);
			runOnlyForDeploymentPostprocessing = 0;
		};
		844F9703247B943D008E0BC6 /* Resources */ = {
			isa = PBXResourcesBuildPhase;
			buildActionMask = 2147483647;
			files = (
			);
			runOnlyForDeploymentPostprocessing = 0;
		};
/* End PBXResourcesBuildPhase section */

/* Begin PBXShellScriptBuildPhase section */
		37F775B35027B1E333E731B6 /* [CP] Check Pods Manifest.lock */ = {
			isa = PBXShellScriptBuildPhase;
			buildActionMask = 2147483647;
			files = (
			);
			inputFileListPaths = (
			);
			inputPaths = (
				"${PODS_PODFILE_DIR_PATH}/Podfile.lock",
				"${PODS_ROOT}/Manifest.lock",
			);
			name = "[CP] Check Pods Manifest.lock";
			outputFileListPaths = (
			);
			outputPaths = (
				"$(DERIVED_FILE_DIR)/Pods-FireNoteTests-checkManifestLockResult.txt",
			);
			runOnlyForDeploymentPostprocessing = 0;
			shellPath = /bin/sh;
			shellScript = "diff \"${PODS_PODFILE_DIR_PATH}/Podfile.lock\" \"${PODS_ROOT}/Manifest.lock\" > /dev/null\nif [ $? != 0 ] ; then\n    # print error to STDERR\n    echo \"error: The sandbox is not in sync with the Podfile.lock. Run 'pod install' or update your CocoaPods installation.\" >&2\n    exit 1\nfi\n# This output is used by Xcode 'outputs' to avoid re-running this script phase.\necho \"SUCCESS\" > \"${SCRIPT_OUTPUT_FILE_0}\"\n";
			showEnvVarsInLog = 0;
		};
		4E3406AC9F9E3B3E417E689C /* [CP] Check Pods Manifest.lock */ = {
			isa = PBXShellScriptBuildPhase;
			buildActionMask = 2147483647;
			files = (
			);
			inputFileListPaths = (
			);
			inputPaths = (
				"${PODS_PODFILE_DIR_PATH}/Podfile.lock",
				"${PODS_ROOT}/Manifest.lock",
			);
			name = "[CP] Check Pods Manifest.lock";
			outputFileListPaths = (
			);
			outputPaths = (
				"$(DERIVED_FILE_DIR)/Pods-FireNote-checkManifestLockResult.txt",
			);
			runOnlyForDeploymentPostprocessing = 0;
			shellPath = /bin/sh;
			shellScript = "diff \"${PODS_PODFILE_DIR_PATH}/Podfile.lock\" \"${PODS_ROOT}/Manifest.lock\" > /dev/null\nif [ $? != 0 ] ; then\n    # print error to STDERR\n    echo \"error: The sandbox is not in sync with the Podfile.lock. Run 'pod install' or update your CocoaPods installation.\" >&2\n    exit 1\nfi\n# This output is used by Xcode 'outputs' to avoid re-running this script phase.\necho \"SUCCESS\" > \"${SCRIPT_OUTPUT_FILE_0}\"\n";
			showEnvVarsInLog = 0;
		};
		6976BC3BF68FE046074D202C /* [CP] Embed Pods Frameworks */ = {
			isa = PBXShellScriptBuildPhase;
			buildActionMask = 2147483647;
			files = (
			);
			inputFileListPaths = (
				"${PODS_ROOT}/Target Support Files/Pods-FireNote/Pods-FireNote-frameworks-${CONFIGURATION}-input-files.xcfilelist",
			);
			name = "[CP] Embed Pods Frameworks";
			outputFileListPaths = (
				"${PODS_ROOT}/Target Support Files/Pods-FireNote/Pods-FireNote-frameworks-${CONFIGURATION}-output-files.xcfilelist",
			);
			runOnlyForDeploymentPostprocessing = 0;
			shellPath = /bin/sh;
			shellScript = "\"${PODS_ROOT}/Target Support Files/Pods-FireNote/Pods-FireNote-frameworks.sh\"\n";
			showEnvVarsInLog = 0;
		};
		8438A4AA247FCF3E00EAAAFB /* ShellScript */ = {
			isa = PBXShellScriptBuildPhase;
			buildActionMask = 2147483647;
			files = (
			);
			inputFileListPaths = (
			);
			inputPaths = (
				"$TEMP_DIR/rswift-lastrun",
			);
			outputFileListPaths = (
			);
			outputPaths = (
				$SRCROOT/R.generated.swift,
			);
			runOnlyForDeploymentPostprocessing = 0;
			shellPath = /bin/sh;
			shellScript = "\"$PODS_ROOT/R.swift/rswift\" generate \"$SRCROOT/R.generated.swift\"\n";
		};
		844F9714247B96A4008E0BC6 /* Lint */ = {
			isa = PBXShellScriptBuildPhase;
			buildActionMask = 2147483647;
			files = (
			);
			inputFileListPaths = (
			);
			inputPaths = (
			);
			name = Lint;
			outputFileListPaths = (
			);
			outputPaths = (
			);
			runOnlyForDeploymentPostprocessing = 0;
			shellPath = /bin/sh;
			shellScript = "./scripts/lint\n";
			showEnvVarsInLog = 0;
		};
		844F9715247B96B1008E0BC6 /* Format */ = {
			isa = PBXShellScriptBuildPhase;
			buildActionMask = 2147483647;
			files = (
			);
			inputFileListPaths = (
			);
			inputPaths = (
			);
			name = Format;
			outputFileListPaths = (
			);
			outputPaths = (
			);
			runOnlyForDeploymentPostprocessing = 0;
			shellPath = /bin/sh;
			shellScript = "./scripts/format\n";
		};
		98A9B9F28CC229213D5E92CD /* [CP] Copy Pods Resources */ = {
			isa = PBXShellScriptBuildPhase;
			buildActionMask = 2147483647;
			files = (
			);
			inputFileListPaths = (
				"${PODS_ROOT}/Target Support Files/Pods-FireNote/Pods-FireNote-resources-${CONFIGURATION}-input-files.xcfilelist",
			);
			name = "[CP] Copy Pods Resources";
			outputFileListPaths = (
				"${PODS_ROOT}/Target Support Files/Pods-FireNote/Pods-FireNote-resources-${CONFIGURATION}-output-files.xcfilelist",
			);
			runOnlyForDeploymentPostprocessing = 0;
			shellPath = /bin/sh;
			shellScript = "\"${PODS_ROOT}/Target Support Files/Pods-FireNote/Pods-FireNote-resources.sh\"\n";
			showEnvVarsInLog = 0;
		};
/* End PBXShellScriptBuildPhase section */

/* Begin PBXSourcesBuildPhase section */
		844F96EB247B9439008E0BC6 /* Sources */ = {
			isa = PBXSourcesBuildPhase;
			buildActionMask = 2147483647;
			files = (
				844F96F7247B9439008E0BC6 /* MainViewController.swift in Sources */,
				849907BD2488AC3C003FF06F /* UIColor+Extensions.swift in Sources */,
				844F972C247B9A0A008E0BC6 /* MainControllerViewModel.swift in Sources */,
				844F96F3247B9439008E0BC6 /* AppDelegate.swift in Sources */,
				84EEDD632484F1E00075FAF0 /* Profile.swift in Sources */,
				844F9730247B9BF5008E0BC6 /* Common.swift in Sources */,
				844F9728247B99F1008E0BC6 /* LoginViewController.swift in Sources */,
				847B24D924876EE80016B8FD /* TextButton.swift in Sources */,
				844F972E247B9A2E008E0BC6 /* SplashControllerViewModel.swift in Sources */,
				8438A4AF247FD22600EAAAFB /* PrimaryTextField.swift in Sources */,
				8474AB7A2498C72C00520D5C /* AbstractControllerViewModel.swift in Sources */,
				8474AB6F2498831700520D5C /* HUDPresenter.swift in Sources */,
				847B24DD24879D570016B8FD /* DefaultStorage.swift in Sources */,
				8470B2982480C700003303B3 /* GlobalConstants.swift in Sources */,
				847B24E12487A0170016B8FD /* AlertPresenter.swift in Sources */,
				844F9735247BC400008E0BC6 /* ErrorTextField.swift in Sources */,
				84EEDD582484F11A0075FAF0 /* AppSession.swift in Sources */,
				84EEDD4D2484BBC30075FAF0 /* RegistrationControllerViewModel.swift in Sources */,
				8474AB7E2498D03300520D5C /* SidebarTableViewCell.swift in Sources */,
				8470B2962480AF60003303B3 /* String+Extensions.swift in Sources */,
				84EEDD4B2484BBB70075FAF0 /* RegistrationViewController.swift in Sources */,
				844F972A247B99FB008E0BC6 /* LoginControllerViewModel.swift in Sources */,
				84EEDD682484F7860075FAF0 /* AuthNavigationController.swift in Sources */,
				8470B2942480AF2A003303B3 /* PasswordTextField.swift in Sources */,
				844F9726247B99E6008E0BC6 /* SplashViewController.swift in Sources */,
				847B24D7248766150016B8FD /* SecondaryButton.swift in Sources */,
				847B24D524875CD80016B8FD /* PrimaryButton.swift in Sources */,
				847B24DB248793020016B8FD /* APIManager+Firebase.swift in Sources */,
				84EEDD522484E1070075FAF0 /* RootWindow.swift in Sources */,
				847B24E32487A9070016B8FD /* MainNavigationController.swift in Sources */,
				84EEDD6D248507400075FAF0 /* APIManager.swift in Sources */,
				847B24D224874D980016B8FD /* AbstractNavigationController.swift in Sources */,
				8474AB7224989B2000520D5C /* SidebarPresenter.swift in Sources */,
				8438A4AD247FD00E00EAAAFB /* R.generated.swift in Sources */,
				8474AB762498C34600520D5C /* SidebarViewController.swift in Sources */,
				849907BB2488A04C003FF06F /* HUDLoaderView.swift in Sources */,
				84EEDD552484E1470075FAF0 /* DeepLink.swift in Sources */,
				847B24DF24879E290016B8FD /* KeychainManager.swift in Sources */,
				84EEDD5A2484F1550075FAF0 /* DataManager.swift in Sources */,
				84EEDD502484C8370075FAF0 /* AbstractViewController.swift in Sources */,
				844F9737247BC429008E0BC6 /* SettableView.swift in Sources */,
				8474AB782498C6EF00520D5C /* SidebarControllerViewModel.swift in Sources */,
				84EEDD6F248508BD0075FAF0 /* APIError.swift in Sources */,
			);
			runOnlyForDeploymentPostprocessing = 0;
		};
		844F9701247B943D008E0BC6 /* Sources */ = {
			isa = PBXSourcesBuildPhase;
			buildActionMask = 2147483647;
			files = (
				844F970A247B943D008E0BC6 /* FireNoteTests.swift in Sources */,
			);
			runOnlyForDeploymentPostprocessing = 0;
		};
/* End PBXSourcesBuildPhase section */

/* Begin PBXTargetDependency section */
		844F9707247B943D008E0BC6 /* PBXTargetDependency */ = {
			isa = PBXTargetDependency;
			target = 844F96EE247B9439008E0BC6 /* FireNote */;
			targetProxy = 844F9706247B943D008E0BC6 /* PBXContainerItemProxy */;
		};
/* End PBXTargetDependency section */

/* Begin PBXVariantGroup section */
		844F96F8247B9439008E0BC6 /* MainViewController.storyboard */ = {
			isa = PBXVariantGroup;
			children = (
				844F96F9247B9439008E0BC6 /* Base */,
			);
			name = MainViewController.storyboard;
			sourceTree = "<group>";
		};
		844F96FD247B943D008E0BC6 /* LaunchScreen.storyboard */ = {
			isa = PBXVariantGroup;
			children = (
				844F96FE247B943D008E0BC6 /* Base */,
			);
			name = LaunchScreen.storyboard;
			sourceTree = "<group>";
		};
/* End PBXVariantGroup section */

/* Begin XCBuildConfiguration section */
		844F970C247B943D008E0BC6 /* Debug */ = {
			isa = XCBuildConfiguration;
			buildSettings = {
				ALWAYS_SEARCH_USER_PATHS = NO;
				CLANG_ANALYZER_NONNULL = YES;
				CLANG_ANALYZER_NUMBER_OBJECT_CONVERSION = YES_AGGRESSIVE;
				CLANG_CXX_LANGUAGE_STANDARD = "gnu++14";
				CLANG_CXX_LIBRARY = "libc++";
				CLANG_ENABLE_MODULES = YES;
				CLANG_ENABLE_OBJC_ARC = YES;
				CLANG_ENABLE_OBJC_WEAK = YES;
				CLANG_WARN_BLOCK_CAPTURE_AUTORELEASING = YES;
				CLANG_WARN_BOOL_CONVERSION = YES;
				CLANG_WARN_COMMA = YES;
				CLANG_WARN_CONSTANT_CONVERSION = YES;
				CLANG_WARN_DEPRECATED_OBJC_IMPLEMENTATIONS = YES;
				CLANG_WARN_DIRECT_OBJC_ISA_USAGE = YES_ERROR;
				CLANG_WARN_DOCUMENTATION_COMMENTS = YES;
				CLANG_WARN_EMPTY_BODY = YES;
				CLANG_WARN_ENUM_CONVERSION = YES;
				CLANG_WARN_INFINITE_RECURSION = YES;
				CLANG_WARN_INT_CONVERSION = YES;
				CLANG_WARN_NON_LITERAL_NULL_CONVERSION = YES;
				CLANG_WARN_OBJC_IMPLICIT_RETAIN_SELF = YES;
				CLANG_WARN_OBJC_LITERAL_CONVERSION = YES;
				CLANG_WARN_OBJC_ROOT_CLASS = YES_ERROR;
				CLANG_WARN_RANGE_LOOP_ANALYSIS = YES;
				CLANG_WARN_STRICT_PROTOTYPES = YES;
				CLANG_WARN_SUSPICIOUS_MOVE = YES;
				CLANG_WARN_UNGUARDED_AVAILABILITY = YES_AGGRESSIVE;
				CLANG_WARN_UNREACHABLE_CODE = YES;
				CLANG_WARN__DUPLICATE_METHOD_MATCH = YES;
				COPY_PHASE_STRIP = NO;
				DEBUG_INFORMATION_FORMAT = dwarf;
				ENABLE_STRICT_OBJC_MSGSEND = YES;
				ENABLE_TESTABILITY = YES;
				GCC_C_LANGUAGE_STANDARD = gnu11;
				GCC_DYNAMIC_NO_PIC = NO;
				GCC_NO_COMMON_BLOCKS = YES;
				GCC_OPTIMIZATION_LEVEL = 0;
				GCC_PREPROCESSOR_DEFINITIONS = (
					"DEBUG=1",
					"$(inherited)",
				);
				GCC_WARN_64_TO_32_BIT_CONVERSION = YES;
				GCC_WARN_ABOUT_RETURN_TYPE = YES_ERROR;
				GCC_WARN_UNDECLARED_SELECTOR = YES;
				GCC_WARN_UNINITIALIZED_AUTOS = YES_AGGRESSIVE;
				GCC_WARN_UNUSED_FUNCTION = YES;
				GCC_WARN_UNUSED_VARIABLE = YES;
				IPHONEOS_DEPLOYMENT_TARGET = 13.4;
				MTL_ENABLE_DEBUG_INFO = INCLUDE_SOURCE;
				MTL_FAST_MATH = YES;
				ONLY_ACTIVE_ARCH = YES;
				SDKROOT = iphoneos;
				SWIFT_ACTIVE_COMPILATION_CONDITIONS = DEBUG;
				SWIFT_OPTIMIZATION_LEVEL = "-Onone";
			};
			name = Debug;
		};
		844F970D247B943D008E0BC6 /* Release */ = {
			isa = XCBuildConfiguration;
			buildSettings = {
				ALWAYS_SEARCH_USER_PATHS = NO;
				CLANG_ANALYZER_NONNULL = YES;
				CLANG_ANALYZER_NUMBER_OBJECT_CONVERSION = YES_AGGRESSIVE;
				CLANG_CXX_LANGUAGE_STANDARD = "gnu++14";
				CLANG_CXX_LIBRARY = "libc++";
				CLANG_ENABLE_MODULES = YES;
				CLANG_ENABLE_OBJC_ARC = YES;
				CLANG_ENABLE_OBJC_WEAK = YES;
				CLANG_WARN_BLOCK_CAPTURE_AUTORELEASING = YES;
				CLANG_WARN_BOOL_CONVERSION = YES;
				CLANG_WARN_COMMA = YES;
				CLANG_WARN_CONSTANT_CONVERSION = YES;
				CLANG_WARN_DEPRECATED_OBJC_IMPLEMENTATIONS = YES;
				CLANG_WARN_DIRECT_OBJC_ISA_USAGE = YES_ERROR;
				CLANG_WARN_DOCUMENTATION_COMMENTS = YES;
				CLANG_WARN_EMPTY_BODY = YES;
				CLANG_WARN_ENUM_CONVERSION = YES;
				CLANG_WARN_INFINITE_RECURSION = YES;
				CLANG_WARN_INT_CONVERSION = YES;
				CLANG_WARN_NON_LITERAL_NULL_CONVERSION = YES;
				CLANG_WARN_OBJC_IMPLICIT_RETAIN_SELF = YES;
				CLANG_WARN_OBJC_LITERAL_CONVERSION = YES;
				CLANG_WARN_OBJC_ROOT_CLASS = YES_ERROR;
				CLANG_WARN_RANGE_LOOP_ANALYSIS = YES;
				CLANG_WARN_STRICT_PROTOTYPES = YES;
				CLANG_WARN_SUSPICIOUS_MOVE = YES;
				CLANG_WARN_UNGUARDED_AVAILABILITY = YES_AGGRESSIVE;
				CLANG_WARN_UNREACHABLE_CODE = YES;
				CLANG_WARN__DUPLICATE_METHOD_MATCH = YES;
				COPY_PHASE_STRIP = NO;
				DEBUG_INFORMATION_FORMAT = "dwarf-with-dsym";
				ENABLE_NS_ASSERTIONS = NO;
				ENABLE_STRICT_OBJC_MSGSEND = YES;
				GCC_C_LANGUAGE_STANDARD = gnu11;
				GCC_NO_COMMON_BLOCKS = YES;
				GCC_WARN_64_TO_32_BIT_CONVERSION = YES;
				GCC_WARN_ABOUT_RETURN_TYPE = YES_ERROR;
				GCC_WARN_UNDECLARED_SELECTOR = YES;
				GCC_WARN_UNINITIALIZED_AUTOS = YES_AGGRESSIVE;
				GCC_WARN_UNUSED_FUNCTION = YES;
				GCC_WARN_UNUSED_VARIABLE = YES;
				IPHONEOS_DEPLOYMENT_TARGET = 13.4;
				MTL_ENABLE_DEBUG_INFO = NO;
				MTL_FAST_MATH = YES;
				SDKROOT = iphoneos;
				SWIFT_COMPILATION_MODE = wholemodule;
				SWIFT_OPTIMIZATION_LEVEL = "-O";
				VALIDATE_PRODUCT = YES;
			};
			name = Release;
		};
		844F970F247B943D008E0BC6 /* Debug */ = {
			isa = XCBuildConfiguration;
			baseConfigurationReference = CB72BE2B8C5EA4D8C3B79E9C /* Pods-FireNote.debug.xcconfig */;
			buildSettings = {
				ASSETCATALOG_COMPILER_APPICON_NAME = AppIcon;
				CODE_SIGN_STYLE = Automatic;
				DEVELOPMENT_TEAM = Z935R654UA;
				INFOPLIST_FILE = FireNote/Info.plist;
				LD_RUNPATH_SEARCH_PATHS = (
					"$(inherited)",
					"@executable_path/Frameworks",
				);
				PRODUCT_BUNDLE_IDENTIFIER = com.10x.FireNote;
				PRODUCT_NAME = "$(TARGET_NAME)";
				SWIFT_VERSION = 5.0;
				TARGETED_DEVICE_FAMILY = 1;
			};
			name = Debug;
		};
		844F9710247B943D008E0BC6 /* Release */ = {
			isa = XCBuildConfiguration;
			baseConfigurationReference = D104B811843826227E5A89FA /* Pods-FireNote.release.xcconfig */;
			buildSettings = {
				ASSETCATALOG_COMPILER_APPICON_NAME = AppIcon;
				CODE_SIGN_STYLE = Automatic;
				DEVELOPMENT_TEAM = Z935R654UA;
				INFOPLIST_FILE = FireNote/Info.plist;
				LD_RUNPATH_SEARCH_PATHS = (
					"$(inherited)",
					"@executable_path/Frameworks",
				);
				PRODUCT_BUNDLE_IDENTIFIER = com.10x.FireNote;
				PRODUCT_NAME = "$(TARGET_NAME)";
				SWIFT_VERSION = 5.0;
				TARGETED_DEVICE_FAMILY = 1;
			};
			name = Release;
		};
		844F9712247B943D008E0BC6 /* Debug */ = {
			isa = XCBuildConfiguration;
			baseConfigurationReference = 407F1EA1C30867388D06C8FF /* Pods-FireNoteTests.debug.xcconfig */;
			buildSettings = {
				ALWAYS_EMBED_SWIFT_STANDARD_LIBRARIES = YES;
				BUNDLE_LOADER = "$(TEST_HOST)";
				CODE_SIGN_STYLE = Automatic;
				DEVELOPMENT_TEAM = Z935R654UA;
				INFOPLIST_FILE = FireNoteTests/Info.plist;
				IPHONEOS_DEPLOYMENT_TARGET = 13.4;
				LD_RUNPATH_SEARCH_PATHS = (
					"$(inherited)",
					"@executable_path/Frameworks",
					"@loader_path/Frameworks",
				);
				PRODUCT_BUNDLE_IDENTIFIER = com.10x.FireNoteTests;
				PRODUCT_NAME = "$(TARGET_NAME)";
				SWIFT_VERSION = 5.0;
				TARGETED_DEVICE_FAMILY = "1,2";
				TEST_HOST = "$(BUILT_PRODUCTS_DIR)/FireNote.app/FireNote";
			};
			name = Debug;
		};
		844F9713247B943D008E0BC6 /* Release */ = {
			isa = XCBuildConfiguration;
			baseConfigurationReference = BFEFDE683EFB306B8735176C /* Pods-FireNoteTests.release.xcconfig */;
			buildSettings = {
				ALWAYS_EMBED_SWIFT_STANDARD_LIBRARIES = YES;
				BUNDLE_LOADER = "$(TEST_HOST)";
				CODE_SIGN_STYLE = Automatic;
				DEVELOPMENT_TEAM = Z935R654UA;
				INFOPLIST_FILE = FireNoteTests/Info.plist;
				IPHONEOS_DEPLOYMENT_TARGET = 13.4;
				LD_RUNPATH_SEARCH_PATHS = (
					"$(inherited)",
					"@executable_path/Frameworks",
					"@loader_path/Frameworks",
				);
				PRODUCT_BUNDLE_IDENTIFIER = com.10x.FireNoteTests;
				PRODUCT_NAME = "$(TARGET_NAME)";
				SWIFT_VERSION = 5.0;
				TARGETED_DEVICE_FAMILY = "1,2";
				TEST_HOST = "$(BUILT_PRODUCTS_DIR)/FireNote.app/FireNote";
			};
			name = Release;
		};
/* End XCBuildConfiguration section */

/* Begin XCConfigurationList section */
		844F96EA247B9439008E0BC6 /* Build configuration list for PBXProject "FireNote" */ = {
			isa = XCConfigurationList;
			buildConfigurations = (
				844F970C247B943D008E0BC6 /* Debug */,
				844F970D247B943D008E0BC6 /* Release */,
			);
			defaultConfigurationIsVisible = 0;
			defaultConfigurationName = Release;
		};
		844F970E247B943D008E0BC6 /* Build configuration list for PBXNativeTarget "FireNote" */ = {
			isa = XCConfigurationList;
			buildConfigurations = (
				844F970F247B943D008E0BC6 /* Debug */,
				844F9710247B943D008E0BC6 /* Release */,
			);
			defaultConfigurationIsVisible = 0;
			defaultConfigurationName = Release;
		};
		844F9711247B943D008E0BC6 /* Build configuration list for PBXNativeTarget "FireNoteTests" */ = {
			isa = XCConfigurationList;
			buildConfigurations = (
				844F9712247B943D008E0BC6 /* Debug */,
				844F9713247B943D008E0BC6 /* Release */,
			);
			defaultConfigurationIsVisible = 0;
			defaultConfigurationName = Release;
		};
/* End XCConfigurationList section */
	};
	rootObject = 844F96E7247B9439008E0BC6 /* Project object */;
}
