// !$*UTF8*$!
{
	archiveVersion = 1;
	classes = {
	};
	objectVersion = 51;
	objects = {

/* Begin PBXBuildFile section */
		844F96F3247B9439008E0BC6 /* AppDelegate.swift in Sources */ = {isa = PBXBuildFile; fileRef = 844F96F2247B9439008E0BC6 /* AppDelegate.swift */; };
		844F96F5247B9439008E0BC6 /* SceneDelegate.swift in Sources */ = {isa = PBXBuildFile; fileRef = 844F96F4247B9439008E0BC6 /* SceneDelegate.swift */; };
		844F96F7247B9439008E0BC6 /* ViewController.swift in Sources */ = {isa = PBXBuildFile; fileRef = 844F96F6247B9439008E0BC6 /* ViewController.swift */; };
		844F96FA247B9439008E0BC6 /* Main.storyboard in Resources */ = {isa = PBXBuildFile; fileRef = 844F96F8247B9439008E0BC6 /* Main.storyboard */; };
		844F96FC247B943D008E0BC6 /* Assets.xcassets in Resources */ = {isa = PBXBuildFile; fileRef = 844F96FB247B943D008E0BC6 /* Assets.xcassets */; };
		844F96FF247B943D008E0BC6 /* LaunchScreen.storyboard in Resources */ = {isa = PBXBuildFile; fileRef = 844F96FD247B943D008E0BC6 /* LaunchScreen.storyboard */; };
		844F970A247B943D008E0BC6 /* FireNoteTests.swift in Sources */ = {isa = PBXBuildFile; fileRef = 844F9709247B943D008E0BC6 /* FireNoteTests.swift */; };
		CCCACB5A3F2A3CDAB14C3ED3 /* Pods_FireNoteTests.framework in Frameworks */ = {isa = PBXBuildFile; fileRef = 69B1F91E44AEC508567D5DF9 /* Pods_FireNoteTests.framework */; };
		F33DA4A49165E869ED35E8BA /* Pods_FireNote.framework in Frameworks */ = {isa = PBXBuildFile; fileRef = 26555B66BEAC24128FC4E192 /* Pods_FireNote.framework */; };
/* End PBXBuildFile section */

/* Begin PBXContainerItemProxy section */
		844F9706247B943D008E0BC6 /* PBXContainerItemProxy */ = {
			isa = PBXContainerItemProxy;
			containerPortal = 844F96E7247B9439008E0BC6 /* Project object */;
			proxyType = 1;
			remoteGlobalIDString = 844F96EE247B9439008E0BC6;
			remoteInfo = FireNote;
		};
/* End PBXContainerItemProxy section */

/* Begin PBXFileReference section */
		26555B66BEAC24128FC4E192 /* Pods_FireNote.framework */ = {isa = PBXFileReference; explicitFileType = wrapper.framework; includeInIndex = 0; path = Pods_FireNote.framework; sourceTree = BUILT_PRODUCTS_DIR; };
		407F1EA1C30867388D06C8FF /* Pods-FireNoteTests.debug.xcconfig */ = {isa = PBXFileReference; includeInIndex = 1; lastKnownFileType = text.xcconfig; name = "Pods-FireNoteTests.debug.xcconfig"; path = "Target Support Files/Pods-FireNoteTests/Pods-FireNoteTests.debug.xcconfig"; sourceTree = "<group>"; };
		69B1F91E44AEC508567D5DF9 /* Pods_FireNoteTests.framework */ = {isa = PBXFileReference; explicitFileType = wrapper.framework; includeInIndex = 0; path = Pods_FireNoteTests.framework; sourceTree = BUILT_PRODUCTS_DIR; };
		844F96EF247B9439008E0BC6 /* FireNote.app */ = {isa = PBXFileReference; explicitFileType = wrapper.application; includeInIndex = 0; path = FireNote.app; sourceTree = BUILT_PRODUCTS_DIR; };
		844F96F2247B9439008E0BC6 /* AppDelegate.swift */ = {isa = PBXFileReference; lastKnownFileType = sourcecode.swift; path = AppDelegate.swift; sourceTree = "<group>"; };
		844F96F4247B9439008E0BC6 /* SceneDelegate.swift */ = {isa = PBXFileReference; lastKnownFileType = sourcecode.swift; path = SceneDelegate.swift; sourceTree = "<group>"; };
		844F96F6247B9439008E0BC6 /* ViewController.swift */ = {isa = PBXFileReference; lastKnownFileType = sourcecode.swift; path = ViewController.swift; sourceTree = "<group>"; };
		844F96F9247B9439008E0BC6 /* Base */ = {isa = PBXFileReference; lastKnownFileType = file.storyboard; name = Base; path = Base.lproj/Main.storyboard; sourceTree = "<group>"; };
		844F96FB247B943D008E0BC6 /* Assets.xcassets */ = {isa = PBXFileReference; lastKnownFileType = folder.assetcatalog; path = Assets.xcassets; sourceTree = "<group>"; };
		844F96FE247B943D008E0BC6 /* Base */ = {isa = PBXFileReference; lastKnownFileType = file.storyboard; name = Base; path = Base.lproj/LaunchScreen.storyboard; sourceTree = "<group>"; };
		844F9700247B943D008E0BC6 /* Info.plist */ = {isa = PBXFileReference; lastKnownFileType = text.plist.xml; path = Info.plist; sourceTree = "<group>"; };
		844F9705247B943D008E0BC6 /* FireNoteTests.xctest */ = {isa = PBXFileReference; explicitFileType = wrapper.cfbundle; includeInIndex = 0; path = FireNoteTests.xctest; sourceTree = BUILT_PRODUCTS_DIR; };
		844F9709247B943D008E0BC6 /* FireNoteTests.swift */ = {isa = PBXFileReference; lastKnownFileType = sourcecode.swift; path = FireNoteTests.swift; sourceTree = "<group>"; };
		844F970B247B943D008E0BC6 /* Info.plist */ = {isa = PBXFileReference; lastKnownFileType = text.plist.xml; path = Info.plist; sourceTree = "<group>"; };
		BFEFDE683EFB306B8735176C /* Pods-FireNoteTests.release.xcconfig */ = {isa = PBXFileReference; includeInIndex = 1; lastKnownFileType = text.xcconfig; name = "Pods-FireNoteTests.release.xcconfig"; path = "Target Support Files/Pods-FireNoteTests/Pods-FireNoteTests.release.xcconfig"; sourceTree = "<group>"; };
		CB72BE2B8C5EA4D8C3B79E9C /* Pods-FireNote.debug.xcconfig */ = {isa = PBXFileReference; includeInIndex = 1; lastKnownFileType = text.xcconfig; name = "Pods-FireNote.debug.xcconfig"; path = "Target Support Files/Pods-FireNote/Pods-FireNote.debug.xcconfig"; sourceTree = "<group>"; };
		D104B811843826227E5A89FA /* Pods-FireNote.release.xcconfig */ = {isa = PBXFileReference; includeInIndex = 1; lastKnownFileType = text.xcconfig; name = "Pods-FireNote.release.xcconfig"; path = "Target Support Files/Pods-FireNote/Pods-FireNote.release.xcconfig"; sourceTree = "<group>"; };
/* End PBXFileReference section */

/* Begin PBXFrameworksBuildPhase section */
		844F96EC247B9439008E0BC6 /* Frameworks */ = {
			isa = PBXFrameworksBuildPhase;
			buildActionMask = 2147483647;
			files = (
				F33DA4A49165E869ED35E8BA /* Pods_FireNote.framework in Frameworks */,
			);
			runOnlyForDeploymentPostprocessing = 0;
		};
		844F9702247B943D008E0BC6 /* Frameworks */ = {
			isa = PBXFrameworksBuildPhase;
			buildActionMask = 2147483647;
			files = (
				CCCACB5A3F2A3CDAB14C3ED3 /* Pods_FireNoteTests.framework in Frameworks */,
			);
			runOnlyForDeploymentPostprocessing = 0;
		};
/* End PBXFrameworksBuildPhase section */

/* Begin PBXGroup section */
		20CE3FBCFA42B5D3A35DE7F2 /* Frameworks */ = {
			isa = PBXGroup;
			children = (
				26555B66BEAC24128FC4E192 /* Pods_FireNote.framework */,
				69B1F91E44AEC508567D5DF9 /* Pods_FireNoteTests.framework */,
			);
			name = Frameworks;
			sourceTree = "<group>";
		};
		844F96E6247B9439008E0BC6 = {
			isa = PBXGroup;
			children = (
				844F96F1247B9439008E0BC6 /* FireNote */,
				844F9708247B943D008E0BC6 /* FireNoteTests */,
				844F96F0247B9439008E0BC6 /* Products */,
				EA0AC5C7DCEA1D0DD21CFD49 /* Pods */,
				20CE3FBCFA42B5D3A35DE7F2 /* Frameworks */,
			);
			sourceTree = "<group>";
		};
		844F96F0247B9439008E0BC6 /* Products */ = {
			isa = PBXGroup;
			children = (
				844F96EF247B9439008E0BC6 /* FireNote.app */,
				844F9705247B943D008E0BC6 /* FireNoteTests.xctest */,
			);
			name = Products;
			sourceTree = "<group>";
		};
		844F96F1247B9439008E0BC6 /* FireNote */ = {
			isa = PBXGroup;
			children = (
				844F96F2247B9439008E0BC6 /* AppDelegate.swift */,
				844F96F4247B9439008E0BC6 /* SceneDelegate.swift */,
				844F96F6247B9439008E0BC6 /* ViewController.swift */,
				844F96F8247B9439008E0BC6 /* Main.storyboard */,
				844F96FB247B943D008E0BC6 /* Assets.xcassets */,
				844F96FD247B943D008E0BC6 /* LaunchScreen.storyboard */,
				844F9700247B943D008E0BC6 /* Info.plist */,
			);
			path = FireNote;
			sourceTree = "<group>";
		};
		844F9708247B943D008E0BC6 /* FireNoteTests */ = {
			isa = PBXGroup;
			children = (
				844F9709247B943D008E0BC6 /* FireNoteTests.swift */,
				844F970B247B943D008E0BC6 /* Info.plist */,
			);
			path = FireNoteTests;
			sourceTree = "<group>";
		};
		EA0AC5C7DCEA1D0DD21CFD49 /* Pods */ = {
			isa = PBXGroup;
			children = (
				CB72BE2B8C5EA4D8C3B79E9C /* Pods-FireNote.debug.xcconfig */,
				D104B811843826227E5A89FA /* Pods-FireNote.release.xcconfig */,
				407F1EA1C30867388D06C8FF /* Pods-FireNoteTests.debug.xcconfig */,
				BFEFDE683EFB306B8735176C /* Pods-FireNoteTests.release.xcconfig */,
			);
			path = Pods;
			sourceTree = "<group>";
		};
/* End PBXGroup section */

/* Begin PBXNativeTarget section */
		844F96EE247B9439008E0BC6 /* FireNote */ = {
			isa = PBXNativeTarget;
			buildConfigurationList = 844F970E247B943D008E0BC6 /* Build configuration list for PBXNativeTarget "FireNote" */;
			buildPhases = (
				4E3406AC9F9E3B3E417E689C /* [CP] Check Pods Manifest.lock */,
				844F9714247B96A4008E0BC6 /* Lint */,
				844F9715247B96B1008E0BC6 /* Format */,
				844F96EB247B9439008E0BC6 /* Sources */,
				844F96EC247B9439008E0BC6 /* Frameworks */,
				844F96ED247B9439008E0BC6 /* Resources */,
				6976BC3BF68FE046074D202C /* [CP] Embed Pods Frameworks */,
			);
			buildRules = (
			);
			dependencies = (
			);
			name = FireNote;
			productName = FireNote;
			productReference = 844F96EF247B9439008E0BC6 /* FireNote.app */;
			productType = "com.apple.product-type.application";
		};
		844F9704247B943D008E0BC6 /* FireNoteTests */ = {
			isa = PBXNativeTarget;
			buildConfigurationList = 844F9711247B943D008E0BC6 /* Build configuration list for PBXNativeTarget "FireNoteTests" */;
			buildPhases = (
				37F775B35027B1E333E731B6 /* [CP] Check Pods Manifest.lock */,
				844F9701247B943D008E0BC6 /* Sources */,
				844F9702247B943D008E0BC6 /* Frameworks */,
				844F9703247B943D008E0BC6 /* Resources */,
			);
			buildRules = (
			);
			dependencies = (
				844F9707247B943D008E0BC6 /* PBXTargetDependency */,
			);
			name = FireNoteTests;
			productName = FireNoteTests;
			productReference = 844F9705247B943D008E0BC6 /* FireNoteTests.xctest */;
			productType = "com.apple.product-type.bundle.unit-test";
		};
/* End PBXNativeTarget section */

/* Begin PBXProject section */
		844F96E7247B9439008E0BC6 /* Project object */ = {
			isa = PBXProject;
			attributes = {
				LastSwiftUpdateCheck = 1140;
				LastUpgradeCheck = 1140;
				ORGANIZATIONNAME = "Denis Kovalev";
				TargetAttributes = {
					844F96EE247B9439008E0BC6 = {
						CreatedOnToolsVersion = 11.4;
					};
					844F9704247B943D008E0BC6 = {
						CreatedOnToolsVersion = 11.4;
						TestTargetID = 844F96EE247B9439008E0BC6;
					};
				};
			};
			buildConfigurationList = 844F96EA247B9439008E0BC6 /* Build configuration list for PBXProject "FireNote" */;
			compatibilityVersion = "Xcode 9.3";
			developmentRegion = en;
			hasScannedForEncodings = 0;
			knownRegions = (
				en,
				Base,
			);
			mainGroup = 844F96E6247B9439008E0BC6;
			productRefGroup = 844F96F0247B9439008E0BC6 /* Products */;
			projectDirPath = "";
			projectRoot = "";
			targets = (
				844F96EE247B9439008E0BC6 /* FireNote */,
				844F9704247B943D008E0BC6 /* FireNoteTests */,
			);
		};
/* End PBXProject section */

/* Begin PBXResourcesBuildPhase section */
		844F96ED247B9439008E0BC6 /* Resources */ = {
			isa = PBXResourcesBuildPhase;
			buildActionMask = 2147483647;
			files = (
				844F96FF247B943D008E0BC6 /* LaunchScreen.storyboard in Resources */,
				844F96FC247B943D008E0BC6 /* Assets.xcassets in Resources */,
				844F96FA247B9439008E0BC6 /* Main.storyboard in Resources */,
			);
			runOnlyForDeploymentPostprocessing = 0;
		};
		844F9703247B943D008E0BC6 /* Resources */ = {
			isa = PBXResourcesBuildPhase;
			buildActionMask = 2147483647;
			files = (
			);
			runOnlyForDeploymentPostprocessing = 0;
		};
/* End PBXResourcesBuildPhase section */

/* Begin PBXShellScriptBuildPhase section */
		37F775B35027B1E333E731B6 /* [CP] Check Pods Manifest.lock */ = {
			isa = PBXShellScriptBuildPhase;
			buildActionMask = 2147483647;
			files = (
			);
			inputFileListPaths = (
			);
			inputPaths = (
				"${PODS_PODFILE_DIR_PATH}/Podfile.lock",
				"${PODS_ROOT}/Manifest.lock",
			);
			name = "[CP] Check Pods Manifest.lock";
			outputFileListPaths = (
			);
			outputPaths = (
				"$(DERIVED_FILE_DIR)/Pods-FireNoteTests-checkManifestLockResult.txt",
			);
			runOnlyForDeploymentPostprocessing = 0;
			shellPath = /bin/sh;
			shellScript = "diff \"${PODS_PODFILE_DIR_PATH}/Podfile.lock\" \"${PODS_ROOT}/Manifest.lock\" > /dev/null\nif [ $? != 0 ] ; then\n    # print error to STDERR\n    echo \"error: The sandbox is not in sync with the Podfile.lock. Run 'pod install' or update your CocoaPods installation.\" >&2\n    exit 1\nfi\n# This output is used by Xcode 'outputs' to avoid re-running this script phase.\necho \"SUCCESS\" > \"${SCRIPT_OUTPUT_FILE_0}\"\n";
			showEnvVarsInLog = 0;
		};
		4E3406AC9F9E3B3E417E689C /* [CP] Check Pods Manifest.lock */ = {
			isa = PBXShellScriptBuildPhase;
			buildActionMask = 2147483647;
			files = (
			);
			inputFileListPaths = (
			);
			inputPaths = (
				"${PODS_PODFILE_DIR_PATH}/Podfile.lock",
				"${PODS_ROOT}/Manifest.lock",
			);
			name = "[CP] Check Pods Manifest.lock";
			outputFileListPaths = (
			);
			outputPaths = (
				"$(DERIVED_FILE_DIR)/Pods-FireNote-checkManifestLockResult.txt",
			);
			runOnlyForDeploymentPostprocessing = 0;
			shellPath = /bin/sh;
			shellScript = "diff \"${PODS_PODFILE_DIR_PATH}/Podfile.lock\" \"${PODS_ROOT}/Manifest.lock\" > /dev/null\nif [ $? != 0 ] ; then\n    # print error to STDERR\n    echo \"error: The sandbox is not in sync with the Podfile.lock. Run 'pod install' or update your CocoaPods installation.\" >&2\n    exit 1\nfi\n# This output is used by Xcode 'outputs' to avoid re-running this script phase.\necho \"SUCCESS\" > \"${SCRIPT_OUTPUT_FILE_0}\"\n";
			showEnvVarsInLog = 0;
		};
		6976BC3BF68FE046074D202C /* [CP] Embed Pods Frameworks */ = {
			isa = PBXShellScriptBuildPhase;
			buildActionMask = 2147483647;
			files = (
			);
			inputFileListPaths = (
				"${PODS_ROOT}/Target Support Files/Pods-FireNote/Pods-FireNote-frameworks-${CONFIGURATION}-input-files.xcfilelist",
			);
			name = "[CP] Embed Pods Frameworks";
			outputFileListPaths = (
				"${PODS_ROOT}/Target Support Files/Pods-FireNote/Pods-FireNote-frameworks-${CONFIGURATION}-output-files.xcfilelist",
			);
			runOnlyForDeploymentPostprocessing = 0;
			shellPath = /bin/sh;
			shellScript = "\"${PODS_ROOT}/Target Support Files/Pods-FireNote/Pods-FireNote-frameworks.sh\"\n";
			showEnvVarsInLog = 0;
		};
		844F9714247B96A4008E0BC6 /* Lint */ = {
			isa = PBXShellScriptBuildPhase;
			buildActionMask = 2147483647;
			files = (
			);
			inputFileListPaths = (
			);
			inputPaths = (
			);
			name = Lint;
			outputFileListPaths = (
			);
			outputPaths = (
			);
			runOnlyForDeploymentPostprocessing = 0;
			shellPath = /bin/sh;
			shellScript = "./scripts/lint\n";
			showEnvVarsInLog = 0;
		};
		844F9715247B96B1008E0BC6 /* Format */ = {
			isa = PBXShellScriptBuildPhase;
			buildActionMask = 2147483647;
			files = (
			);
			inputFileListPaths = (
			);
			inputPaths = (
			);
			name = Format;
			outputFileListPaths = (
			);
			outputPaths = (
			);
			runOnlyForDeploymentPostprocessing = 0;
			shellPath = /bin/sh;
			shellScript = "./scripts/format\n";
		};
/* End PBXShellScriptBuildPhase section */

/* Begin PBXSourcesBuildPhase section */
		844F96EB247B9439008E0BC6 /* Sources */ = {
			isa = PBXSourcesBuildPhase;
			buildActionMask = 2147483647;
			files = (
				844F96F7247B9439008E0BC6 /* ViewController.swift in Sources */,
				844F96F3247B9439008E0BC6 /* AppDelegate.swift in Sources */,
				844F96F5247B9439008E0BC6 /* SceneDelegate.swift in Sources */,
			);
			runOnlyForDeploymentPostprocessing = 0;
		};
		844F9701247B943D008E0BC6 /* Sources */ = {
			isa = PBXSourcesBuildPhase;
			buildActionMask = 2147483647;
			files = (
				844F970A247B943D008E0BC6 /* FireNoteTests.swift in Sources */,
			);
			runOnlyForDeploymentPostprocessing = 0;
		};
/* End PBXSourcesBuildPhase section */

/* Begin PBXTargetDependency section */
		844F9707247B943D008E0BC6 /* PBXTargetDependency */ = {
			isa = PBXTargetDependency;
			target = 844F96EE247B9439008E0BC6 /* FireNote */;
			targetProxy = 844F9706247B943D008E0BC6 /* PBXContainerItemProxy */;
		};
/* End PBXTargetDependency section */

/* Begin PBXVariantGroup section */
		844F96F8247B9439008E0BC6 /* Main.storyboard */ = {
			isa = PBXVariantGroup;
			children = (
				844F96F9247B9439008E0BC6 /* Base */,
			);
			name = Main.storyboard;
			sourceTree = "<group>";
		};
		844F96FD247B943D008E0BC6 /* LaunchScreen.storyboard */ = {
			isa = PBXVariantGroup;
			children = (
				844F96FE247B943D008E0BC6 /* Base */,
			);
			name = LaunchScreen.storyboard;
			sourceTree = "<group>";
		};
/* End PBXVariantGroup section */

/* Begin XCBuildConfiguration section */
		844F970C247B943D008E0BC6 /* Debug */ = {
			isa = XCBuildConfiguration;
			buildSettings = {
				ALWAYS_SEARCH_USER_PATHS = NO;
				CLANG_ANALYZER_NONNULL = YES;
				CLANG_ANALYZER_NUMBER_OBJECT_CONVERSION = YES_AGGRESSIVE;
				CLANG_CXX_LANGUAGE_STANDARD = "gnu++14";
				CLANG_CXX_LIBRARY = "libc++";
				CLANG_ENABLE_MODULES = YES;
				CLANG_ENABLE_OBJC_ARC = YES;
				CLANG_ENABLE_OBJC_WEAK = YES;
				CLANG_WARN_BLOCK_CAPTURE_AUTORELEASING = YES;
				CLANG_WARN_BOOL_CONVERSION = YES;
				CLANG_WARN_COMMA = YES;
				CLANG_WARN_CONSTANT_CONVERSION = YES;
				CLANG_WARN_DEPRECATED_OBJC_IMPLEMENTATIONS = YES;
				CLANG_WARN_DIRECT_OBJC_ISA_USAGE = YES_ERROR;
				CLANG_WARN_DOCUMENTATION_COMMENTS = YES;
				CLANG_WARN_EMPTY_BODY = YES;
				CLANG_WARN_ENUM_CONVERSION = YES;
				CLANG_WARN_INFINITE_RECURSION = YES;
				CLANG_WARN_INT_CONVERSION = YES;
				CLANG_WARN_NON_LITERAL_NULL_CONVERSION = YES;
				CLANG_WARN_OBJC_IMPLICIT_RETAIN_SELF = YES;
				CLANG_WARN_OBJC_LITERAL_CONVERSION = YES;
				CLANG_WARN_OBJC_ROOT_CLASS = YES_ERROR;
				CLANG_WARN_RANGE_LOOP_ANALYSIS = YES;
				CLANG_WARN_STRICT_PROTOTYPES = YES;
				CLANG_WARN_SUSPICIOUS_MOVE = YES;
				CLANG_WARN_UNGUARDED_AVAILABILITY = YES_AGGRESSIVE;
				CLANG_WARN_UNREACHABLE_CODE = YES;
				CLANG_WARN__DUPLICATE_METHOD_MATCH = YES;
				COPY_PHASE_STRIP = NO;
				DEBUG_INFORMATION_FORMAT = dwarf;
				ENABLE_STRICT_OBJC_MSGSEND = YES;
				ENABLE_TESTABILITY = YES;
				GCC_C_LANGUAGE_STANDARD = gnu11;
				GCC_DYNAMIC_NO_PIC = NO;
				GCC_NO_COMMON_BLOCKS = YES;
				GCC_OPTIMIZATION_LEVEL = 0;
				GCC_PREPROCESSOR_DEFINITIONS = (
					"DEBUG=1",
					"$(inherited)",
				);
				GCC_WARN_64_TO_32_BIT_CONVERSION = YES;
				GCC_WARN_ABOUT_RETURN_TYPE = YES_ERROR;
				GCC_WARN_UNDECLARED_SELECTOR = YES;
				GCC_WARN_UNINITIALIZED_AUTOS = YES_AGGRESSIVE;
				GCC_WARN_UNUSED_FUNCTION = YES;
				GCC_WARN_UNUSED_VARIABLE = YES;
				IPHONEOS_DEPLOYMENT_TARGET = 13.4;
				MTL_ENABLE_DEBUG_INFO = INCLUDE_SOURCE;
				MTL_FAST_MATH = YES;
				ONLY_ACTIVE_ARCH = YES;
				SDKROOT = iphoneos;
				SWIFT_ACTIVE_COMPILATION_CONDITIONS = DEBUG;
				SWIFT_OPTIMIZATION_LEVEL = "-Onone";
			};
			name = Debug;
		};
		844F970D247B943D008E0BC6 /* Release */ = {
			isa = XCBuildConfiguration;
			buildSettings = {
				ALWAYS_SEARCH_USER_PATHS = NO;
				CLANG_ANALYZER_NONNULL = YES;
				CLANG_ANALYZER_NUMBER_OBJECT_CONVERSION = YES_AGGRESSIVE;
				CLANG_CXX_LANGUAGE_STANDARD = "gnu++14";
				CLANG_CXX_LIBRARY = "libc++";
				CLANG_ENABLE_MODULES = YES;
				CLANG_ENABLE_OBJC_ARC = YES;
				CLANG_ENABLE_OBJC_WEAK = YES;
				CLANG_WARN_BLOCK_CAPTURE_AUTORELEASING = YES;
				CLANG_WARN_BOOL_CONVERSION = YES;
				CLANG_WARN_COMMA = YES;
				CLANG_WARN_CONSTANT_CONVERSION = YES;
				CLANG_WARN_DEPRECATED_OBJC_IMPLEMENTATIONS = YES;
				CLANG_WARN_DIRECT_OBJC_ISA_USAGE = YES_ERROR;
				CLANG_WARN_DOCUMENTATION_COMMENTS = YES;
				CLANG_WARN_EMPTY_BODY = YES;
				CLANG_WARN_ENUM_CONVERSION = YES;
				CLANG_WARN_INFINITE_RECURSION = YES;
				CLANG_WARN_INT_CONVERSION = YES;
				CLANG_WARN_NON_LITERAL_NULL_CONVERSION = YES;
				CLANG_WARN_OBJC_IMPLICIT_RETAIN_SELF = YES;
				CLANG_WARN_OBJC_LITERAL_CONVERSION = YES;
				CLANG_WARN_OBJC_ROOT_CLASS = YES_ERROR;
				CLANG_WARN_RANGE_LOOP_ANALYSIS = YES;
				CLANG_WARN_STRICT_PROTOTYPES = YES;
				CLANG_WARN_SUSPICIOUS_MOVE = YES;
				CLANG_WARN_UNGUARDED_AVAILABILITY = YES_AGGRESSIVE;
				CLANG_WARN_UNREACHABLE_CODE = YES;
				CLANG_WARN__DUPLICATE_METHOD_MATCH = YES;
				COPY_PHASE_STRIP = NO;
				DEBUG_INFORMATION_FORMAT = "dwarf-with-dsym";
				ENABLE_NS_ASSERTIONS = NO;
				ENABLE_STRICT_OBJC_MSGSEND = YES;
				GCC_C_LANGUAGE_STANDARD = gnu11;
				GCC_NO_COMMON_BLOCKS = YES;
				GCC_WARN_64_TO_32_BIT_CONVERSION = YES;
				GCC_WARN_ABOUT_RETURN_TYPE = YES_ERROR;
				GCC_WARN_UNDECLARED_SELECTOR = YES;
				GCC_WARN_UNINITIALIZED_AUTOS = YES_AGGRESSIVE;
				GCC_WARN_UNUSED_FUNCTION = YES;
				GCC_WARN_UNUSED_VARIABLE = YES;
				IPHONEOS_DEPLOYMENT_TARGET = 13.4;
				MTL_ENABLE_DEBUG_INFO = NO;
				MTL_FAST_MATH = YES;
				SDKROOT = iphoneos;
				SWIFT_COMPILATION_MODE = wholemodule;
				SWIFT_OPTIMIZATION_LEVEL = "-O";
				VALIDATE_PRODUCT = YES;
			};
			name = Release;
		};
		844F970F247B943D008E0BC6 /* Debug */ = {
			isa = XCBuildConfiguration;
			baseConfigurationReference = CB72BE2B8C5EA4D8C3B79E9C /* Pods-FireNote.debug.xcconfig */;
			buildSettings = {
				ASSETCATALOG_COMPILER_APPICON_NAME = AppIcon;
				CODE_SIGN_STYLE = Automatic;
				DEVELOPMENT_TEAM = Z935R654UA;
				INFOPLIST_FILE = FireNote/Info.plist;
				LD_RUNPATH_SEARCH_PATHS = (
					"$(inherited)",
					"@executable_path/Frameworks",
				);
				PRODUCT_BUNDLE_IDENTIFIER = com.10x.FireNote;
				PRODUCT_NAME = "$(TARGET_NAME)";
				SWIFT_VERSION = 5.0;
				TARGETED_DEVICE_FAMILY = 1;
			};
			name = Debug;
		};
		844F9710247B943D008E0BC6 /* Release */ = {
			isa = XCBuildConfiguration;
			baseConfigurationReference = D104B811843826227E5A89FA /* Pods-FireNote.release.xcconfig */;
			buildSettings = {
				ASSETCATALOG_COMPILER_APPICON_NAME = AppIcon;
				CODE_SIGN_STYLE = Automatic;
				DEVELOPMENT_TEAM = Z935R654UA;
				INFOPLIST_FILE = FireNote/Info.plist;
				LD_RUNPATH_SEARCH_PATHS = (
					"$(inherited)",
					"@executable_path/Frameworks",
				);
				PRODUCT_BUNDLE_IDENTIFIER = com.10x.FireNote;
				PRODUCT_NAME = "$(TARGET_NAME)";
				SWIFT_VERSION = 5.0;
				TARGETED_DEVICE_FAMILY = 1;
			};
			name = Release;
		};
		844F9712247B943D008E0BC6 /* Debug */ = {
			isa = XCBuildConfiguration;
			baseConfigurationReference = 407F1EA1C30867388D06C8FF /* Pods-FireNoteTests.debug.xcconfig */;
			buildSettings = {
				ALWAYS_EMBED_SWIFT_STANDARD_LIBRARIES = YES;
				BUNDLE_LOADER = "$(TEST_HOST)";
				CODE_SIGN_STYLE = Automatic;
				DEVELOPMENT_TEAM = Z935R654UA;
				INFOPLIST_FILE = FireNoteTests/Info.plist;
				IPHONEOS_DEPLOYMENT_TARGET = 13.4;
				LD_RUNPATH_SEARCH_PATHS = (
					"$(inherited)",
					"@executable_path/Frameworks",
					"@loader_path/Frameworks",
				);
				PRODUCT_BUNDLE_IDENTIFIER = com.10x.FireNoteTests;
				PRODUCT_NAME = "$(TARGET_NAME)";
				SWIFT_VERSION = 5.0;
				TARGETED_DEVICE_FAMILY = "1,2";
				TEST_HOST = "$(BUILT_PRODUCTS_DIR)/FireNote.app/FireNote";
			};
			name = Debug;
		};
		844F9713247B943D008E0BC6 /* Release */ = {
			isa = XCBuildConfiguration;
			baseConfigurationReference = BFEFDE683EFB306B8735176C /* Pods-FireNoteTests.release.xcconfig */;
			buildSettings = {
				ALWAYS_EMBED_SWIFT_STANDARD_LIBRARIES = YES;
				BUNDLE_LOADER = "$(TEST_HOST)";
				CODE_SIGN_STYLE = Automatic;
				DEVELOPMENT_TEAM = Z935R654UA;
				INFOPLIST_FILE = FireNoteTests/Info.plist;
				IPHONEOS_DEPLOYMENT_TARGET = 13.4;
				LD_RUNPATH_SEARCH_PATHS = (
					"$(inherited)",
					"@executable_path/Frameworks",
					"@loader_path/Frameworks",
				);
				PRODUCT_BUNDLE_IDENTIFIER = com.10x.FireNoteTests;
				PRODUCT_NAME = "$(TARGET_NAME)";
				SWIFT_VERSION = 5.0;
				TARGETED_DEVICE_FAMILY = "1,2";
				TEST_HOST = "$(BUILT_PRODUCTS_DIR)/FireNote.app/FireNote";
			};
			name = Release;
		};
/* End XCBuildConfiguration section */

/* Begin XCConfigurationList section */
		844F96EA247B9439008E0BC6 /* Build configuration list for PBXProject "FireNote" */ = {
			isa = XCConfigurationList;
			buildConfigurations = (
				844F970C247B943D008E0BC6 /* Debug */,
				844F970D247B943D008E0BC6 /* Release */,
			);
			defaultConfigurationIsVisible = 0;
			defaultConfigurationName = Release;
		};
		844F970E247B943D008E0BC6 /* Build configuration list for PBXNativeTarget "FireNote" */ = {
			isa = XCConfigurationList;
			buildConfigurations = (
				844F970F247B943D008E0BC6 /* Debug */,
				844F9710247B943D008E0BC6 /* Release */,
			);
			defaultConfigurationIsVisible = 0;
			defaultConfigurationName = Release;
		};
		844F9711247B943D008E0BC6 /* Build configuration list for PBXNativeTarget "FireNoteTests" */ = {
			isa = XCConfigurationList;
			buildConfigurations = (
				844F9712247B943D008E0BC6 /* Debug */,
				844F9713247B943D008E0BC6 /* Release */,
			);
			defaultConfigurationIsVisible = 0;
			defaultConfigurationName = Release;
		};
/* End XCConfigurationList section */
	};
	rootObject = 844F96E7247B9439008E0BC6 /* Project object */;
}
